// !$*UTF8*$!
{
	archiveVersion = 1;
	classes = {
	};
	objectVersion = 55;
	objects = {

/* Begin PBXBuildFile section */
		57B690A72867BC08008181B6 /* AppDelegate.swift in Sources */ = {isa = PBXBuildFile; fileRef = 57B690A62867BC08008181B6 /* AppDelegate.swift */; };
		57B690B02867BC0B008181B6 /* Assets.xcassets in Resources */ = {isa = PBXBuildFile; fileRef = 57B690AF2867BC0B008181B6 /* Assets.xcassets */; };
		57B690B32867BC0B008181B6 /* LaunchScreen.storyboard in Resources */ = {isa = PBXBuildFile; fileRef = 57B690B12867BC0B008181B6 /* LaunchScreen.storyboard */; };
		823165752A90FAA400F27DB8 /* PodcastDetailPresentation.swift in Sources */ = {isa = PBXBuildFile; fileRef = 823165742A90FAA400F27DB8 /* PodcastDetailPresentation.swift */; };
		829BC1542A8044C70073036C /* PodcastListContract.swift in Sources */ = {isa = PBXBuildFile; fileRef = 829BC1532A8044C70073036C /* PodcastListContract.swift */; };
		829BC1562A87C4040073036C /* PodcastList.storyboard in Resources */ = {isa = PBXBuildFile; fileRef = 829BC1552A87C4040073036C /* PodcastList.storyboard */; };
		829BC1582A87C9C20073036C /* PodcastListView.swift in Sources */ = {isa = PBXBuildFile; fileRef = 829BC1572A87C9C20073036C /* PodcastListView.swift */; };
		829BC15A2A87CBE50073036C /* PodcastListViewController.swift in Sources */ = {isa = PBXBuildFile; fileRef = 829BC1592A87CBE50073036C /* PodcastListViewController.swift */; };
		829BC15C2A87D68B0073036C /* PodcastPresentation.swift in Sources */ = {isa = PBXBuildFile; fileRef = 829BC15B2A87D68B0073036C /* PodcastPresentation.swift */; };
		829BC15E2A8935F10073036C /* AppContainer.swift in Sources */ = {isa = PBXBuildFile; fileRef = 829BC15D2A8935F10073036C /* AppContainer.swift */; };
		829BC1602A8935FA0073036C /* AppRouter.swift in Sources */ = {isa = PBXBuildFile; fileRef = 829BC15F2A8935FA0073036C /* AppRouter.swift */; };
		829BC1632A893A980073036C /* PodcastListBuilder.swift in Sources */ = {isa = PBXBuildFile; fileRef = 829BC1622A893A980073036C /* PodcastListBuilder.swift */; };
		82DE47EF2A90C51B00F0F2AB /* PodcastDetailBuilder.swift in Sources */ = {isa = PBXBuildFile; fileRef = 82DE47EE2A90C51B00F0F2AB /* PodcastDetailBuilder.swift */; };
		82DE47F12A90C56900F0F2AB /* PodcastDetailViewController.swift in Sources */ = {isa = PBXBuildFile; fileRef = 82DE47F02A90C56900F0F2AB /* PodcastDetailViewController.swift */; };
		82DE47F52A90C89800F0F2AB /* PodcastDetail.storyboard in Resources */ = {isa = PBXBuildFile; fileRef = 82DE47F42A90C89800F0F2AB /* PodcastDetail.storyboard */; };
		82DE47F72A90C8AB00F0F2AB /* PodcastDetailContract.swift in Sources */ = {isa = PBXBuildFile; fileRef = 82DE47F62A90C8AB00F0F2AB /* PodcastDetailContract.swift */; };
		82DE47F92A90C8C200F0F2AB /* PodcastDetailView.swift in Sources */ = {isa = PBXBuildFile; fileRef = 82DE47F82A90C8C200F0F2AB /* PodcastDetailView.swift */; };
/* End PBXBuildFile section */

/* Begin PBXContainerItemProxy section */
		8231653F2A90FA4800F27DB8 /* PBXContainerItemProxy */ = {
			isa = PBXContainerItemProxy;
			containerPortal = 8231653A2A90FA4800F27DB8 /* PodcastBoxAPI.xcodeproj */;
			proxyType = 2;
			remoteGlobalIDString = 57B690C42867BE13008181B6;
			remoteInfo = PodcastBoxAPI;
		};
		823165412A90FA4800F27DB8 /* PBXContainerItemProxy */ = {
			isa = PBXContainerItemProxy;
			containerPortal = 8231653A2A90FA4800F27DB8 /* PodcastBoxAPI.xcodeproj */;
			proxyType = 2;
			remoteGlobalIDString = 57B690D42867BFAE008181B6;
			remoteInfo = PodcastBoxAPITests;
		};
/* End PBXContainerItemProxy section */

/* Begin PBXCopyFilesBuildPhase section */
		57B690EB2867C202008181B6 /* Embed Frameworks */ = {
			isa = PBXCopyFilesBuildPhase;
			buildActionMask = 2147483647;
			dstPath = "";
			dstSubfolderSpec = 10;
			files = (
			);
			name = "Embed Frameworks";
			runOnlyForDeploymentPostprocessing = 0;
		};
/* End PBXCopyFilesBuildPhase section */

/* Begin PBXFileReference section */
		57B690A32867BC08008181B6 /* PodcastBox.app */ = {isa = PBXFileReference; explicitFileType = wrapper.application; includeInIndex = 0; name = PodcastBox.app; path = "/Users/metekarakul/Development/Mobile/late-night-muhabbetleri/PodcastBoxMVC/PodcastBox/build/Debug-iphoneos/PodcastBox.app"; sourceTree = "<absolute>"; };
		57B690A62867BC08008181B6 /* AppDelegate.swift */ = {isa = PBXFileReference; lastKnownFileType = sourcecode.swift; path = AppDelegate.swift; sourceTree = "<group>"; };
		57B690AF2867BC0B008181B6 /* Assets.xcassets */ = {isa = PBXFileReference; lastKnownFileType = folder.assetcatalog; path = Assets.xcassets; sourceTree = "<group>"; };
		57B690B22867BC0B008181B6 /* Base */ = {isa = PBXFileReference; lastKnownFileType = file.storyboard; name = Base; path = Base.lproj/LaunchScreen.storyboard; sourceTree = "<group>"; };
		57B690B42867BC0B008181B6 /* Info.plist */ = {isa = PBXFileReference; lastKnownFileType = text.plist.xml; path = Info.plist; sourceTree = "<group>"; };
		8231653A2A90FA4800F27DB8 /* PodcastBoxAPI.xcodeproj */ = {isa = PBXFileReference; lastKnownFileType = "wrapper.pb-project"; name = PodcastBoxAPI.xcodeproj; path = ../PodcastBoxAPI/PodcastBoxAPI.xcodeproj; sourceTree = "<group>"; };
		823165742A90FAA400F27DB8 /* PodcastDetailPresentation.swift */ = {isa = PBXFileReference; lastKnownFileType = sourcecode.swift; path = PodcastDetailPresentation.swift; sourceTree = "<group>"; };
		829BC1532A8044C70073036C /* PodcastListContract.swift */ = {isa = PBXFileReference; lastKnownFileType = sourcecode.swift; path = PodcastListContract.swift; sourceTree = "<group>"; };
		829BC1552A87C4040073036C /* PodcastList.storyboard */ = {isa = PBXFileReference; lastKnownFileType = file.storyboard; path = PodcastList.storyboard; sourceTree = "<group>"; };
		829BC1572A87C9C20073036C /* PodcastListView.swift */ = {isa = PBXFileReference; lastKnownFileType = sourcecode.swift; path = PodcastListView.swift; sourceTree = "<group>"; };
		829BC1592A87CBE50073036C /* PodcastListViewController.swift */ = {isa = PBXFileReference; lastKnownFileType = sourcecode.swift; path = PodcastListViewController.swift; sourceTree = "<group>"; };
		829BC15B2A87D68B0073036C /* PodcastPresentation.swift */ = {isa = PBXFileReference; lastKnownFileType = sourcecode.swift; path = PodcastPresentation.swift; sourceTree = "<group>"; };
		829BC15D2A8935F10073036C /* AppContainer.swift */ = {isa = PBXFileReference; lastKnownFileType = sourcecode.swift; path = AppContainer.swift; sourceTree = "<group>"; };
		829BC15F2A8935FA0073036C /* AppRouter.swift */ = {isa = PBXFileReference; lastKnownFileType = sourcecode.swift; path = AppRouter.swift; sourceTree = "<group>"; };
		829BC1622A893A980073036C /* PodcastListBuilder.swift */ = {isa = PBXFileReference; lastKnownFileType = sourcecode.swift; path = PodcastListBuilder.swift; sourceTree = "<group>"; };
		82DE47EE2A90C51B00F0F2AB /* PodcastDetailBuilder.swift */ = {isa = PBXFileReference; lastKnownFileType = sourcecode.swift; path = PodcastDetailBuilder.swift; sourceTree = "<group>"; };
		82DE47F02A90C56900F0F2AB /* PodcastDetailViewController.swift */ = {isa = PBXFileReference; lastKnownFileType = sourcecode.swift; path = PodcastDetailViewController.swift; sourceTree = "<group>"; };
		82DE47F42A90C89800F0F2AB /* PodcastDetail.storyboard */ = {isa = PBXFileReference; lastKnownFileType = file.storyboard; path = PodcastDetail.storyboard; sourceTree = "<group>"; };
		82DE47F62A90C8AB00F0F2AB /* PodcastDetailContract.swift */ = {isa = PBXFileReference; lastKnownFileType = sourcecode.swift; path = PodcastDetailContract.swift; sourceTree = "<group>"; };
		82DE47F82A90C8C200F0F2AB /* PodcastDetailView.swift */ = {isa = PBXFileReference; lastKnownFileType = sourcecode.swift; path = PodcastDetailView.swift; sourceTree = "<group>"; };
/* End PBXFileReference section */

/* Begin PBXFrameworksBuildPhase section */
		57B690A02867BC08008181B6 /* Frameworks */ = {
			isa = PBXFrameworksBuildPhase;
			buildActionMask = 2147483647;
			files = (
			);
			runOnlyForDeploymentPostprocessing = 0;
		};
/* End PBXFrameworksBuildPhase section */

/* Begin PBXGroup section */
		57B6909A2867BC08008181B6 = {
			isa = PBXGroup;
			children = (
				57B690A52867BC08008181B6 /* PodcastBox */,
				57B690DE2867C1B1008181B6 /* Vendor */,
				57B690E82867C201008181B6 /* Frameworks */,
			);
			sourceTree = "<group>";
		};
		57B690A52867BC08008181B6 /* PodcastBox */ = {
			isa = PBXGroup;
			children = (
				829BC14C2A8044540073036C /* App */,
				829BC1512A8044970073036C /* Scenes */,
				829BC14F2A8044770073036C /* Resources */,
				829BC1502A8044820073036C /* Supporting Files */,
			);
			path = PodcastBox;
			sourceTree = "<group>";
		};
		57B690DE2867C1B1008181B6 /* Vendor */ = {
			isa = PBXGroup;
			children = (
				8231653A2A90FA4800F27DB8 /* PodcastBoxAPI.xcodeproj */,
			);
			name = Vendor;
			sourceTree = "<group>";
		};
		57B690E82867C201008181B6 /* Frameworks */ = {
			isa = PBXGroup;
			children = (
			);
			name = Frameworks;
			sourceTree = "<group>";
		};
		8231653B2A90FA4800F27DB8 /* Products */ = {
			isa = PBXGroup;
			children = (
				823165402A90FA4800F27DB8 /* PodcastBoxAPI.framework */,
				823165422A90FA4800F27DB8 /* PodcastBoxAPITests.xctest */,
			);
			name = Products;
			sourceTree = "<group>";
		};
		829BC14C2A8044540073036C /* App */ = {
			isa = PBXGroup;
			children = (
				57B690A62867BC08008181B6 /* AppDelegate.swift */,
				829BC15D2A8935F10073036C /* AppContainer.swift */,
				829BC15F2A8935FA0073036C /* AppRouter.swift */,
			);
			path = App;
			sourceTree = "<group>";
		};
		829BC14F2A8044770073036C /* Resources */ = {
			isa = PBXGroup;
			children = (
				57B690AF2867BC0B008181B6 /* Assets.xcassets */,
			);
			path = Resources;
			sourceTree = "<group>";
		};
		829BC1502A8044820073036C /* Supporting Files */ = {
			isa = PBXGroup;
			children = (
				57B690B12867BC0B008181B6 /* LaunchScreen.storyboard */,
				57B690B42867BC0B008181B6 /* Info.plist */,
			);
			path = "Supporting Files";
			sourceTree = "<group>";
		};
		829BC1512A8044970073036C /* Scenes */ = {
			isa = PBXGroup;
			children = (
				829BC1522A8044A90073036C /* PodcastList */,
				82DE47ED2A90C4EE00F0F2AB /* PodcastDetail */,
			);
			path = Scenes;
			sourceTree = "<group>";
		};
		829BC1522A8044A90073036C /* PodcastList */ = {
			isa = PBXGroup;
			children = (
				829BC1532A8044C70073036C /* PodcastListContract.swift */,
				829BC1552A87C4040073036C /* PodcastList.storyboard */,
				829BC1572A87C9C20073036C /* PodcastListView.swift */,
				829BC1592A87CBE50073036C /* PodcastListViewController.swift */,
				829BC15B2A87D68B0073036C /* PodcastPresentation.swift */,
				829BC1622A893A980073036C /* PodcastListBuilder.swift */,
			);
			path = PodcastList;
			sourceTree = "<group>";
		};
		82DE47ED2A90C4EE00F0F2AB /* PodcastDetail */ = {
			isa = PBXGroup;
			children = (
				82DE47EE2A90C51B00F0F2AB /* PodcastDetailBuilder.swift */,
				82DE47F02A90C56900F0F2AB /* PodcastDetailViewController.swift */,
				82DE47F42A90C89800F0F2AB /* PodcastDetail.storyboard */,
				82DE47F62A90C8AB00F0F2AB /* PodcastDetailContract.swift */,
				82DE47F82A90C8C200F0F2AB /* PodcastDetailView.swift */,
				823165742A90FAA400F27DB8 /* PodcastDetailPresentation.swift */,
			);
			path = PodcastDetail;
			sourceTree = "<group>";
		};
/* End PBXGroup section */

/* Begin PBXNativeTarget section */
		57B690A22867BC08008181B6 /* PodcastBox */ = {
			isa = PBXNativeTarget;
			buildConfigurationList = 57B690B72867BC0B008181B6 /* Build configuration list for PBXNativeTarget "PodcastBox" */;
			buildPhases = (
				57B6909F2867BC08008181B6 /* Sources */,
				57B690A02867BC08008181B6 /* Frameworks */,
				57B690A12867BC08008181B6 /* Resources */,
				57B690EB2867C202008181B6 /* Embed Frameworks */,
			);
			buildRules = (
			);
			dependencies = (
			);
			name = PodcastBox;
			productName = MovieBox;
			productReference = 57B690A32867BC08008181B6 /* PodcastBox.app */;
			productType = "com.apple.product-type.application";
		};
/* End PBXNativeTarget section */

/* Begin PBXProject section */
		57B6909B2867BC08008181B6 /* Project object */ = {
			isa = PBXProject;
			attributes = {
				BuildIndependentTargetsInParallel = 1;
				LastSwiftUpdateCheck = 1340;
				LastUpgradeCheck = 1340;
				TargetAttributes = {
					57B690A22867BC08008181B6 = {
						CreatedOnToolsVersion = 13.4.1;
					};
				};
			};
			buildConfigurationList = 57B6909E2867BC08008181B6 /* Build configuration list for PBXProject "PodcastBox" */;
			compatibilityVersion = "Xcode 13.0";
			developmentRegion = en;
			hasScannedForEncodings = 0;
			knownRegions = (
				en,
				Base,
			);
			mainGroup = 57B6909A2867BC08008181B6;
			productRefGroup = 57B6909A2867BC08008181B6;
			projectDirPath = "";
			projectReferences = (
				{
					ProductGroup = 8231653B2A90FA4800F27DB8 /* Products */;
					ProjectRef = 8231653A2A90FA4800F27DB8 /* PodcastBoxAPI.xcodeproj */;
				},
			);
			projectRoot = "";
			targets = (
				57B690A22867BC08008181B6 /* PodcastBox */,
			);
		};
/* End PBXProject section */

/* Begin PBXReferenceProxy section */
		823165402A90FA4800F27DB8 /* PodcastBoxAPI.framework */ = {
			isa = PBXReferenceProxy;
			fileType = wrapper.framework;
			path = PodcastBoxAPI.framework;
			remoteRef = 8231653F2A90FA4800F27DB8 /* PBXContainerItemProxy */;
			sourceTree = BUILT_PRODUCTS_DIR;
		};
		823165422A90FA4800F27DB8 /* PodcastBoxAPITests.xctest */ = {
			isa = PBXReferenceProxy;
			fileType = wrapper.cfbundle;
			path = PodcastBoxAPITests.xctest;
			remoteRef = 823165412A90FA4800F27DB8 /* PBXContainerItemProxy */;
			sourceTree = BUILT_PRODUCTS_DIR;
		};
/* End PBXReferenceProxy section */

/* Begin PBXResourcesBuildPhase section */
		57B690A12867BC08008181B6 /* Resources */ = {
			isa = PBXResourcesBuildPhase;
			buildActionMask = 2147483647;
			files = (
				82DE47F52A90C89800F0F2AB /* PodcastDetail.storyboard in Resources */,
				57B690B32867BC0B008181B6 /* LaunchScreen.storyboard in Resources */,
				829BC1562A87C4040073036C /* PodcastList.storyboard in Resources */,
				57B690B02867BC0B008181B6 /* Assets.xcassets in Resources */,
			);
			runOnlyForDeploymentPostprocessing = 0;
		};
/* End PBXResourcesBuildPhase section */

/* Begin PBXSourcesBuildPhase section */
		57B6909F2867BC08008181B6 /* Sources */ = {
			isa = PBXSourcesBuildPhase;
			buildActionMask = 2147483647;
			files = (
				82DE47EF2A90C51B00F0F2AB /* PodcastDetailBuilder.swift in Sources */,
				829BC1542A8044C70073036C /* PodcastListContract.swift in Sources */,
				829BC1582A87C9C20073036C /* PodcastListView.swift in Sources */,
				57B690A72867BC08008181B6 /* AppDelegate.swift in Sources */,
				82DE47F72A90C8AB00F0F2AB /* PodcastDetailContract.swift in Sources */,
				829BC15C2A87D68B0073036C /* PodcastPresentation.swift in Sources */,
				829BC1632A893A980073036C /* PodcastListBuilder.swift in Sources */,
				829BC1602A8935FA0073036C /* AppRouter.swift in Sources */,
				829BC15A2A87CBE50073036C /* PodcastListViewController.swift in Sources */,
				823165752A90FAA400F27DB8 /* PodcastDetailPresentation.swift in Sources */,
				82DE47F12A90C56900F0F2AB /* PodcastDetailViewController.swift in Sources */,
				82DE47F92A90C8C200F0F2AB /* PodcastDetailView.swift in Sources */,
				829BC15E2A8935F10073036C /* AppContainer.swift in Sources */,
			);
			runOnlyForDeploymentPostprocessing = 0;
		};
/* End PBXSourcesBuildPhase section */

/* Begin PBXVariantGroup section */
		57B690B12867BC0B008181B6 /* LaunchScreen.storyboard */ = {
			isa = PBXVariantGroup;
			children = (
				57B690B22867BC0B008181B6 /* Base */,
			);
			name = LaunchScreen.storyboard;
			sourceTree = "<group>";
		};
/* End PBXVariantGroup section */

/* Begin XCBuildConfiguration section */
		57B690B52867BC0B008181B6 /* Debug */ = {
			isa = XCBuildConfiguration;
			buildSettings = {
				ALWAYS_SEARCH_USER_PATHS = NO;
				CLANG_ANALYZER_NONNULL = YES;
				CLANG_ANALYZER_NUMBER_OBJECT_CONVERSION = YES_AGGRESSIVE;
				CLANG_CXX_LANGUAGE_STANDARD = "gnu++17";
				CLANG_ENABLE_MODULES = YES;
				CLANG_ENABLE_OBJC_ARC = YES;
				CLANG_ENABLE_OBJC_WEAK = YES;
				CLANG_WARN_BLOCK_CAPTURE_AUTORELEASING = YES;
				CLANG_WARN_BOOL_CONVERSION = YES;
				CLANG_WARN_COMMA = YES;
				CLANG_WARN_CONSTANT_CONVERSION = YES;
				CLANG_WARN_DEPRECATED_OBJC_IMPLEMENTATIONS = YES;
				CLANG_WARN_DIRECT_OBJC_ISA_USAGE = YES_ERROR;
				CLANG_WARN_DOCUMENTATION_COMMENTS = YES;
				CLANG_WARN_EMPTY_BODY = YES;
				CLANG_WARN_ENUM_CONVERSION = YES;
				CLANG_WARN_INFINITE_RECURSION = YES;
				CLANG_WARN_INT_CONVERSION = YES;
				CLANG_WARN_NON_LITERAL_NULL_CONVERSION = YES;
				CLANG_WARN_OBJC_IMPLICIT_RETAIN_SELF = YES;
				CLANG_WARN_OBJC_LITERAL_CONVERSION = YES;
				CLANG_WARN_OBJC_ROOT_CLASS = YES_ERROR;
				CLANG_WARN_QUOTED_INCLUDE_IN_FRAMEWORK_HEADER = YES;
				CLANG_WARN_RANGE_LOOP_ANALYSIS = YES;
				CLANG_WARN_STRICT_PROTOTYPES = YES;
				CLANG_WARN_SUSPICIOUS_MOVE = YES;
				CLANG_WARN_UNGUARDED_AVAILABILITY = YES_AGGRESSIVE;
				CLANG_WARN_UNREACHABLE_CODE = YES;
				CLANG_WARN__DUPLICATE_METHOD_MATCH = YES;
				COPY_PHASE_STRIP = NO;
				DEBUG_INFORMATION_FORMAT = dwarf;
				ENABLE_STRICT_OBJC_MSGSEND = YES;
				ENABLE_TESTABILITY = YES;
				GCC_C_LANGUAGE_STANDARD = gnu11;
				GCC_DYNAMIC_NO_PIC = NO;
				GCC_NO_COMMON_BLOCKS = YES;
				GCC_OPTIMIZATION_LEVEL = 0;
				GCC_PREPROCESSOR_DEFINITIONS = (
					"DEBUG=1",
					"$(inherited)",
				);
				GCC_WARN_64_TO_32_BIT_CONVERSION = YES;
				GCC_WARN_ABOUT_RETURN_TYPE = YES_ERROR;
				GCC_WARN_UNDECLARED_SELECTOR = YES;
				GCC_WARN_UNINITIALIZED_AUTOS = YES_AGGRESSIVE;
				GCC_WARN_UNUSED_FUNCTION = YES;
				GCC_WARN_UNUSED_VARIABLE = YES;
				IPHONEOS_DEPLOYMENT_TARGET = 15.5;
				MTL_ENABLE_DEBUG_INFO = INCLUDE_SOURCE;
				MTL_FAST_MATH = YES;
				ONLY_ACTIVE_ARCH = YES;
				SDKROOT = iphoneos;
				SWIFT_ACTIVE_COMPILATION_CONDITIONS = DEBUG;
				SWIFT_OPTIMIZATION_LEVEL = "-Onone";
			};
			name = Debug;
		};
		57B690B62867BC0B008181B6 /* Release */ = {
			isa = XCBuildConfiguration;
			buildSettings = {
				ALWAYS_SEARCH_USER_PATHS = NO;
				CLANG_ANALYZER_NONNULL = YES;
				CLANG_ANALYZER_NUMBER_OBJECT_CONVERSION = YES_AGGRESSIVE;
				CLANG_CXX_LANGUAGE_STANDARD = "gnu++17";
				CLANG_ENABLE_MODULES = YES;
				CLANG_ENABLE_OBJC_ARC = YES;
				CLANG_ENABLE_OBJC_WEAK = YES;
				CLANG_WARN_BLOCK_CAPTURE_AUTORELEASING = YES;
				CLANG_WARN_BOOL_CONVERSION = YES;
				CLANG_WARN_COMMA = YES;
				CLANG_WARN_CONSTANT_CONVERSION = YES;
				CLANG_WARN_DEPRECATED_OBJC_IMPLEMENTATIONS = YES;
				CLANG_WARN_DIRECT_OBJC_ISA_USAGE = YES_ERROR;
				CLANG_WARN_DOCUMENTATION_COMMENTS = YES;
				CLANG_WARN_EMPTY_BODY = YES;
				CLANG_WARN_ENUM_CONVERSION = YES;
				CLANG_WARN_INFINITE_RECURSION = YES;
				CLANG_WARN_INT_CONVERSION = YES;
				CLANG_WARN_NON_LITERAL_NULL_CONVERSION = YES;
				CLANG_WARN_OBJC_IMPLICIT_RETAIN_SELF = YES;
				CLANG_WARN_OBJC_LITERAL_CONVERSION = YES;
				CLANG_WARN_OBJC_ROOT_CLASS = YES_ERROR;
				CLANG_WARN_QUOTED_INCLUDE_IN_FRAMEWORK_HEADER = YES;
				CLANG_WARN_RANGE_LOOP_ANALYSIS = YES;
				CLANG_WARN_STRICT_PROTOTYPES = YES;
				CLANG_WARN_SUSPICIOUS_MOVE = YES;
				CLANG_WARN_UNGUARDED_AVAILABILITY = YES_AGGRESSIVE;
				CLANG_WARN_UNREACHABLE_CODE = YES;
				CLANG_WARN__DUPLICATE_METHOD_MATCH = YES;
				COPY_PHASE_STRIP = NO;
				DEBUG_INFORMATION_FORMAT = "dwarf-with-dsym";
				ENABLE_NS_ASSERTIONS = NO;
				ENABLE_STRICT_OBJC_MSGSEND = YES;
				GCC_C_LANGUAGE_STANDARD = gnu11;
				GCC_NO_COMMON_BLOCKS = YES;
				GCC_WARN_64_TO_32_BIT_CONVERSION = YES;
				GCC_WARN_ABOUT_RETURN_TYPE = YES_ERROR;
				GCC_WARN_UNDECLARED_SELECTOR = YES;
				GCC_WARN_UNINITIALIZED_AUTOS = YES_AGGRESSIVE;
				GCC_WARN_UNUSED_FUNCTION = YES;
				GCC_WARN_UNUSED_VARIABLE = YES;
				IPHONEOS_DEPLOYMENT_TARGET = 15.5;
				MTL_ENABLE_DEBUG_INFO = NO;
				MTL_FAST_MATH = YES;
				SDKROOT = iphoneos;
				SWIFT_COMPILATION_MODE = wholemodule;
				SWIFT_OPTIMIZATION_LEVEL = "-O";
				VALIDATE_PRODUCT = YES;
			};
			name = Release;
		};
		57B690B82867BC0B008181B6 /* Debug */ = {
			isa = XCBuildConfiguration;
			buildSettings = {
				ASSETCATALOG_COMPILER_APPICON_NAME = AppIcon;
				ASSETCATALOG_COMPILER_GLOBAL_ACCENT_COLOR_NAME = AccentColor;
				CODE_SIGN_STYLE = Automatic;
				CURRENT_PROJECT_VERSION = 1;
				DEVELOPMENT_TEAM = 9L7298S5LR;
				GENERATE_INFOPLIST_FILE = YES;
				INFOPLIST_FILE = "PodcastBox/Supporting Files/Info.plist";
				INFOPLIST_KEY_UIApplicationSupportsIndirectInputEvents = YES;
				INFOPLIST_KEY_UILaunchStoryboardName = LaunchScreen;
				INFOPLIST_KEY_UISupportedInterfaceOrientations_iPad = "UIInterfaceOrientationPortrait UIInterfaceOrientationPortraitUpsideDown UIInterfaceOrientationLandscapeLeft UIInterfaceOrientationLandscapeRight";
				INFOPLIST_KEY_UISupportedInterfaceOrientations_iPhone = "UIInterfaceOrientationPortrait UIInterfaceOrientationLandscapeLeft UIInterfaceOrientationLandscapeRight";
				LD_RUNPATH_SEARCH_PATHS = (
					"$(inherited)",
					"@executable_path/Frameworks",
				);
				MARKETING_VERSION = 1.0;
				PRODUCT_BUNDLE_IDENTIFIER = com.muhammedkarakul.MovieBox;
				PRODUCT_NAME = "$(TARGET_NAME)";
				SWIFT_EMIT_LOC_STRINGS = YES;
				SWIFT_VERSION = 5.0;
				TARGETED_DEVICE_FAMILY = "1,2";
			};
			name = Debug;
		};
		57B690B92867BC0B008181B6 /* Release */ = {
			isa = XCBuildConfiguration;
			buildSettings = {
				ASSETCATALOG_COMPILER_APPICON_NAME = AppIcon;
				ASSETCATALOG_COMPILER_GLOBAL_ACCENT_COLOR_NAME = AccentColor;
				CODE_SIGN_STYLE = Automatic;
				CURRENT_PROJECT_VERSION = 1;
				DEVELOPMENT_TEAM = 9L7298S5LR;
				GENERATE_INFOPLIST_FILE = YES;
				INFOPLIST_FILE = "PodcastBox/Supporting Files/Info.plist";
				INFOPLIST_KEY_UIApplicationSupportsIndirectInputEvents = YES;
				INFOPLIST_KEY_UILaunchStoryboardName = LaunchScreen;
				INFOPLIST_KEY_UISupportedInterfaceOrientations_iPad = "UIInterfaceOrientationPortrait UIInterfaceOrientationPortraitUpsideDown UIInterfaceOrientationLandscapeLeft UIInterfaceOrientationLandscapeRight";
				INFOPLIST_KEY_UISupportedInterfaceOrientations_iPhone = "UIInterfaceOrientationPortrait UIInterfaceOrientationLandscapeLeft UIInterfaceOrientationLandscapeRight";
				LD_RUNPATH_SEARCH_PATHS = (
					"$(inherited)",
					"@executable_path/Frameworks",
				);
				MARKETING_VERSION = 1.0;
				PRODUCT_BUNDLE_IDENTIFIER = com.muhammedkarakul.MovieBox;
				PRODUCT_NAME = "$(TARGET_NAME)";
				SWIFT_EMIT_LOC_STRINGS = YES;
				SWIFT_VERSION = 5.0;
				TARGETED_DEVICE_FAMILY = "1,2";
			};
			name = Release;
		};
/* End XCBuildConfiguration section */

/* Begin XCConfigurationList section */
		57B6909E2867BC08008181B6 /* Build configuration list for PBXProject "PodcastBox" */ = {
			isa = XCConfigurationList;
			buildConfigurations = (
				57B690B52867BC0B008181B6 /* Debug */,
				57B690B62867BC0B008181B6 /* Release */,
			);
			defaultConfigurationIsVisible = 0;
			defaultConfigurationName = Release;
		};
		57B690B72867BC0B008181B6 /* Build configuration list for PBXNativeTarget "PodcastBox" */ = {
			isa = XCConfigurationList;
			buildConfigurations = (
				57B690B82867BC0B008181B6 /* Debug */,
				57B690B92867BC0B008181B6 /* Release */,
			);
			defaultConfigurationIsVisible = 0;
			defaultConfigurationName = Release;
		};
/* End XCConfigurationList section */
	};
	rootObject = 57B6909B2867BC08008181B6 /* Project object */;
}
