// !$*UTF8*$!
{
	archiveVersion = 1;
	classes = {
	};
	objectVersion = 55;
	objects = {

/* Begin PBXBuildFile section */
		57B690B02867BC0B008181B6 /* Assets.xcassets in Resources */ = {isa = PBXBuildFile; fileRef = 57B690AF2867BC0B008181B6 /* Assets.xcassets */; };
		57B690B32867BC0B008181B6 /* LaunchScreen.storyboard in Resources */ = {isa = PBXBuildFile; fileRef = 57B690B12867BC0B008181B6 /* LaunchScreen.storyboard */; };
		823165752A90FAA400F27DB8 /* PodcastDetailPresentation.swift in Sources */ = {isa = PBXBuildFile; fileRef = 823165742A90FAA400F27DB8 /* PodcastDetailPresentation.swift */; };
		8241706A2A9BA6F600775C4A /* PodcastBoxAPI.framework in Frameworks */ = {isa = PBXBuildFile; fileRef = 823165402A90FA4800F27DB8 /* PodcastBoxAPI.framework */; };
		8241706B2A9BA6F600775C4A /* Utility.framework in Frameworks */ = {isa = PBXBuildFile; fileRef = 82966B062A926831004A593B /* Utility.framework */; };
		824170722A9BA6F600775C4A /* PodcastBoxAPI.framework in Embed Frameworks */ = {isa = PBXBuildFile; fileRef = 823165402A90FA4800F27DB8 /* PodcastBoxAPI.framework */; settings = {ATTRIBUTES = (CodeSignOnCopy, RemoveHeadersOnCopy, ); }; };
		824170732A9BA6F600775C4A /* Utility.framework in Embed Frameworks */ = {isa = PBXBuildFile; fileRef = 82966B062A926831004A593B /* Utility.framework */; settings = {ATTRIBUTES = (CodeSignOnCopy, RemoveHeadersOnCopy, ); }; };
		8241707B2A9BA91F00775C4A /* PodcastPresentation.swift in Sources */ = {isa = PBXBuildFile; fileRef = 829BC15B2A87D68B0073036C /* PodcastPresentation.swift */; };
		8241707C2A9BA91F00775C4A /* PodcastListContract.swift in Sources */ = {isa = PBXBuildFile; fileRef = 829BC1532A8044C70073036C /* PodcastListContract.swift */; };
		8241707D2A9BA91F00775C4A /* PodcastListView.swift in Sources */ = {isa = PBXBuildFile; fileRef = 829BC1572A87C9C20073036C /* PodcastListView.swift */; };
		8241707E2A9BA91F00775C4A /* PodcastList.storyboard in Resources */ = {isa = PBXBuildFile; fileRef = 829BC1552A87C4040073036C /* PodcastList.storyboard */; };
		8241707F2A9BA91F00775C4A /* PodcastListViewController.swift in Sources */ = {isa = PBXBuildFile; fileRef = 829BC1592A87CBE50073036C /* PodcastListViewController.swift */; };
		824170802A9BA91F00775C4A /* PodcastListBuilder.swift in Sources */ = {isa = PBXBuildFile; fileRef = 829BC1622A893A980073036C /* PodcastListBuilder.swift */; };
		824170812A9BA92300775C4A /* AppDelegate.swift in Sources */ = {isa = PBXBuildFile; fileRef = 57B690A62867BC08008181B6 /* AppDelegate.swift */; };
		824170822A9BA92300775C4A /* AppContainer.swift in Sources */ = {isa = PBXBuildFile; fileRef = 829BC15D2A8935F10073036C /* AppContainer.swift */; };
		824170832A9BA92300775C4A /* AppRouter.swift in Sources */ = {isa = PBXBuildFile; fileRef = 829BC15F2A8935FA0073036C /* AppRouter.swift */; };
		824170852A9BA95800775C4A /* AppContainer.swift in Sources */ = {isa = PBXBuildFile; fileRef = 824170522A9BA6EE00775C4A /* AppContainer.swift */; };
		824170862A9BA95800775C4A /* AppDelegate.swift in Sources */ = {isa = PBXBuildFile; fileRef = 824170532A9BA6EE00775C4A /* AppDelegate.swift */; };
		824170872A9BA95800775C4A /* AppRouter.swift in Sources */ = {isa = PBXBuildFile; fileRef = 824170512A9BA6EE00775C4A /* AppRouter.swift */; };
		824170942A9BA96800775C4A /* Assets.xcassets in Resources */ = {isa = PBXBuildFile; fileRef = 824170552A9BA6EE00775C4A /* Assets.xcassets */; };
		824170952A9BA97500775C4A /* LaunchScreen.storyboard in Resources */ = {isa = PBXBuildFile; fileRef = 824170572A9BA6EE00775C4A /* LaunchScreen.storyboard */; };
		8253CE6B2AADCE4E002503BE /* podcast3.json in Resources */ = {isa = PBXBuildFile; fileRef = 82966AAD2A9262A6004A593B /* podcast3.json */; };
		8253CE6C2AADCE4E002503BE /* podcast1.json in Resources */ = {isa = PBXBuildFile; fileRef = 82966AA92A926284004A593B /* podcast1.json */; };
		8253CE6D2AADCE4E002503BE /* podcast2.json in Resources */ = {isa = PBXBuildFile; fileRef = 82966AAB2A926298004A593B /* podcast2.json */; };
		8253CE6E2AADCE51002503BE /* ResourceLoader.swift in Sources */ = {isa = PBXBuildFile; fileRef = 82966AAF2A926363004A593B /* ResourceLoader.swift */; };
		8291764A2AADCADC00A0FF80 /* PodcastPresentation.swift in Sources */ = {isa = PBXBuildFile; fileRef = 829BC15B2A87D68B0073036C /* PodcastPresentation.swift */; };
		829176552AADCADC00A0FF80 /* PodcastDetailPresentation.swift in Sources */ = {isa = PBXBuildFile; fileRef = 823165742A90FAA400F27DB8 /* PodcastDetailPresentation.swift */; };
		829176582AADCADC00A0FF80 /* PodcastBoxAPI.framework in Frameworks */ = {isa = PBXBuildFile; fileRef = 823165402A90FA4800F27DB8 /* PodcastBoxAPI.framework */; };
		829176592AADCADC00A0FF80 /* Utility.framework in Frameworks */ = {isa = PBXBuildFile; fileRef = 82966B062A926831004A593B /* Utility.framework */; };
		829176602AADCADC00A0FF80 /* PodcastBoxAPI.framework in Embed Frameworks */ = {isa = PBXBuildFile; fileRef = 823165402A90FA4800F27DB8 /* PodcastBoxAPI.framework */; settings = {ATTRIBUTES = (CodeSignOnCopy, RemoveHeadersOnCopy, ); }; };
		829176612AADCADC00A0FF80 /* Utility.framework in Embed Frameworks */ = {isa = PBXBuildFile; fileRef = 82966B062A926831004A593B /* Utility.framework */; settings = {ATTRIBUTES = (CodeSignOnCopy, RemoveHeadersOnCopy, ); }; };
		8291767F2AADCB3A00A0FF80 /* PodcastDetailViewModel.swift in Sources */ = {isa = PBXBuildFile; fileRef = 8291766A2AADCB3A00A0FF80 /* PodcastDetailViewModel.swift */; };
		829176802AADCB3A00A0FF80 /* PodcastDetailBuilder.swift in Sources */ = {isa = PBXBuildFile; fileRef = 8291766B2AADCB3A00A0FF80 /* PodcastDetailBuilder.swift */; };
		829176812AADCB3A00A0FF80 /* PodcastDetailContract.swift in Sources */ = {isa = PBXBuildFile; fileRef = 8291766C2AADCB3A00A0FF80 /* PodcastDetailContract.swift */; };
		829176822AADCB3A00A0FF80 /* PodcastDetailViewController.swift in Sources */ = {isa = PBXBuildFile; fileRef = 8291766D2AADCB3A00A0FF80 /* PodcastDetailViewController.swift */; };
		829176832AADCB3A00A0FF80 /* PodcastDetail.storyboard in Resources */ = {isa = PBXBuildFile; fileRef = 8291766E2AADCB3A00A0FF80 /* PodcastDetail.storyboard */; };
		829176842AADCB3A00A0FF80 /* PodcastListViewController.swift in Sources */ = {isa = PBXBuildFile; fileRef = 829176702AADCB3A00A0FF80 /* PodcastListViewController.swift */; };
		829176852AADCB3A00A0FF80 /* PodcastListViewModel.swift in Sources */ = {isa = PBXBuildFile; fileRef = 829176712AADCB3A00A0FF80 /* PodcastListViewModel.swift */; };
		829176862AADCB3A00A0FF80 /* PodcastList.storyboard in Resources */ = {isa = PBXBuildFile; fileRef = 829176722AADCB3A00A0FF80 /* PodcastList.storyboard */; };
		829176872AADCB3A00A0FF80 /* PodcastListContract.swift in Sources */ = {isa = PBXBuildFile; fileRef = 829176732AADCB3A00A0FF80 /* PodcastListContract.swift */; };
		829176882AADCB3A00A0FF80 /* PodcastListBuilder.swift in Sources */ = {isa = PBXBuildFile; fileRef = 829176742AADCB3A00A0FF80 /* PodcastListBuilder.swift */; };
		829176892AADCB3A00A0FF80 /* AppRouter.swift in Sources */ = {isa = PBXBuildFile; fileRef = 829176762AADCB3A00A0FF80 /* AppRouter.swift */; };
		8291768A2AADCB3A00A0FF80 /* AppContainer.swift in Sources */ = {isa = PBXBuildFile; fileRef = 829176772AADCB3A00A0FF80 /* AppContainer.swift */; };
		8291768B2AADCB3A00A0FF80 /* AppDelegate.swift in Sources */ = {isa = PBXBuildFile; fileRef = 829176782AADCB3A00A0FF80 /* AppDelegate.swift */; };
		8291768C2AADCB3A00A0FF80 /* Assets.xcassets in Resources */ = {isa = PBXBuildFile; fileRef = 8291767A2AADCB3A00A0FF80 /* Assets.xcassets */; };
		8291768D2AADCB3A00A0FF80 /* LaunchScreen.storyboard in Resources */ = {isa = PBXBuildFile; fileRef = 8291767C2AADCB3A00A0FF80 /* LaunchScreen.storyboard */; };
		829176922AADCC5100A0FF80 /* PodcastBoxMVVMTests.swift in Sources */ = {isa = PBXBuildFile; fileRef = 829176912AADCC5100A0FF80 /* PodcastBoxMVVMTests.swift */; };
		8291769A2AADCCA700A0FF80 /* PodcastBoxVIPERTests.swift in Sources */ = {isa = PBXBuildFile; fileRef = 829176992AADCCA700A0FF80 /* PodcastBoxVIPERTests.swift */; };
		82966AA02A9104B4004A593B /* PodcastBoxMVCTests.swift in Sources */ = {isa = PBXBuildFile; fileRef = 82966A9F2A9104B4004A593B /* PodcastBoxMVCTests.swift */; };
		82966AB12A926466004A593B /* podcast1.json in Resources */ = {isa = PBXBuildFile; fileRef = 82966AA92A926284004A593B /* podcast1.json */; };
		82966AB22A92646A004A593B /* podcast2.json in Resources */ = {isa = PBXBuildFile; fileRef = 82966AAB2A926298004A593B /* podcast2.json */; };
		82966AB32A92646E004A593B /* podcast3.json in Resources */ = {isa = PBXBuildFile; fileRef = 82966AAD2A9262A6004A593B /* podcast3.json */; };
		82966AB42A926479004A593B /* ResourceLoader.swift in Sources */ = {isa = PBXBuildFile; fileRef = 82966AAF2A926363004A593B /* ResourceLoader.swift */; };
		82966B0A2A92685E004A593B /* PodcastBoxAPI.framework in Frameworks */ = {isa = PBXBuildFile; fileRef = 823165402A90FA4800F27DB8 /* PodcastBoxAPI.framework */; };
		82966B0B2A92685E004A593B /* PodcastBoxAPI.framework in Embed Frameworks */ = {isa = PBXBuildFile; fileRef = 823165402A90FA4800F27DB8 /* PodcastBoxAPI.framework */; settings = {ATTRIBUTES = (CodeSignOnCopy, RemoveHeadersOnCopy, ); }; };
		82966B0D2A92685E004A593B /* Utility.framework in Frameworks */ = {isa = PBXBuildFile; fileRef = 82966B062A926831004A593B /* Utility.framework */; };
		82966B0E2A92685E004A593B /* Utility.framework in Embed Frameworks */ = {isa = PBXBuildFile; fileRef = 82966B062A926831004A593B /* Utility.framework */; settings = {ATTRIBUTES = (CodeSignOnCopy, RemoveHeadersOnCopy, ); }; };
		82DE47EF2A90C51B00F0F2AB /* PodcastDetailBuilder.swift in Sources */ = {isa = PBXBuildFile; fileRef = 82DE47EE2A90C51B00F0F2AB /* PodcastDetailBuilder.swift */; };
		82DE47F12A90C56900F0F2AB /* PodcastDetailViewController.swift in Sources */ = {isa = PBXBuildFile; fileRef = 82DE47F02A90C56900F0F2AB /* PodcastDetailViewController.swift */; };
		82DE47F52A90C89800F0F2AB /* PodcastDetail.storyboard in Resources */ = {isa = PBXBuildFile; fileRef = 82DE47F42A90C89800F0F2AB /* PodcastDetail.storyboard */; };
		82DE47F72A90C8AB00F0F2AB /* PodcastDetailContract.swift in Sources */ = {isa = PBXBuildFile; fileRef = 82DE47F62A90C8AB00F0F2AB /* PodcastDetailContract.swift */; };
		82DE47F92A90C8C200F0F2AB /* PodcastDetailView.swift in Sources */ = {isa = PBXBuildFile; fileRef = 82DE47F82A90C8C200F0F2AB /* PodcastDetailView.swift */; };
		82FC7E132A9F934B0075E387 /* ResourceLoader.swift in Sources */ = {isa = PBXBuildFile; fileRef = 82966AAF2A926363004A593B /* ResourceLoader.swift */; };
		82FC7E142A9F93C20075E387 /* podcast2.json in Resources */ = {isa = PBXBuildFile; fileRef = 82966AAB2A926298004A593B /* podcast2.json */; };
		82FC7E152A9F93C20075E387 /* podcast1.json in Resources */ = {isa = PBXBuildFile; fileRef = 82966AA92A926284004A593B /* podcast1.json */; };
		82FC7E162A9F93C20075E387 /* podcast3.json in Resources */ = {isa = PBXBuildFile; fileRef = 82966AAD2A9262A6004A593B /* podcast3.json */; };
		82FC7E1A2A9F9F2A0075E387 /* PodcastPresentation.swift in Sources */ = {isa = PBXBuildFile; fileRef = 829BC15B2A87D68B0073036C /* PodcastPresentation.swift */; };
		82FC7E1B2A9F9F2A0075E387 /* PodcastDetailPresentation.swift in Sources */ = {isa = PBXBuildFile; fileRef = 823165742A90FAA400F27DB8 /* PodcastDetailPresentation.swift */; };
/* End PBXBuildFile section */

/* Begin PBXContainerItemProxy section */
		820DC2E32A9F9252008C706E /* PBXContainerItemProxy */ = {
			isa = PBXContainerItemProxy;
			containerPortal = 57B6909B2867BC08008181B6 /* Project object */;
			proxyType = 1;
			remoteGlobalIDString = 8241705A2A9BA6F600775C4A;
			remoteInfo = PodcastBoxMVVM;
		};
		8231653F2A90FA4800F27DB8 /* PBXContainerItemProxy */ = {
			isa = PBXContainerItemProxy;
			containerPortal = 8231653A2A90FA4800F27DB8 /* PodcastBoxAPI.xcodeproj */;
			proxyType = 2;
			remoteGlobalIDString = 57B690C42867BE13008181B6;
			remoteInfo = PodcastBoxAPI;
		};
		823165412A90FA4800F27DB8 /* PBXContainerItemProxy */ = {
			isa = PBXContainerItemProxy;
			containerPortal = 8231653A2A90FA4800F27DB8 /* PodcastBoxAPI.xcodeproj */;
			proxyType = 2;
			remoteGlobalIDString = 57B690D42867BFAE008181B6;
			remoteInfo = PodcastBoxAPITests;
		};
		8291769B2AADCCA700A0FF80 /* PBXContainerItemProxy */ = {
			isa = PBXContainerItemProxy;
			containerPortal = 57B6909B2867BC08008181B6 /* Project object */;
			proxyType = 1;
			remoteGlobalIDString = 829176482AADCADC00A0FF80;
			remoteInfo = PodcastBoxVIPER;
		};
		82966AA12A9104B4004A593B /* PBXContainerItemProxy */ = {
			isa = PBXContainerItemProxy;
			containerPortal = 57B6909B2867BC08008181B6 /* Project object */;
			proxyType = 1;
			remoteGlobalIDString = 57B690A22867BC08008181B6;
			remoteInfo = PodcastBox;
		};
		82966B052A926831004A593B /* PBXContainerItemProxy */ = {
			isa = PBXContainerItemProxy;
			containerPortal = 82966B002A926831004A593B /* Utility.xcodeproj */;
			proxyType = 2;
			remoteGlobalIDString = 82966AE32A92669A004A593B;
			remoteInfo = Utility;
		};
		82966B072A926831004A593B /* PBXContainerItemProxy */ = {
			isa = PBXContainerItemProxy;
			containerPortal = 82966B002A926831004A593B /* Utility.xcodeproj */;
			proxyType = 2;
			remoteGlobalIDString = 82966AED2A92669A004A593B;
			remoteInfo = UtilityTests;
		};
/* End PBXContainerItemProxy section */

/* Begin PBXCopyFilesBuildPhase section */
		57B690EB2867C202008181B6 /* Embed Frameworks */ = {
			isa = PBXCopyFilesBuildPhase;
			buildActionMask = 2147483647;
			dstPath = "";
			dstSubfolderSpec = 10;
			files = (
				82966B0B2A92685E004A593B /* PodcastBoxAPI.framework in Embed Frameworks */,
				82966B0E2A92685E004A593B /* Utility.framework in Embed Frameworks */,
			);
			name = "Embed Frameworks";
			runOnlyForDeploymentPostprocessing = 0;
		};
		824170712A9BA6F600775C4A /* Embed Frameworks */ = {
			isa = PBXCopyFilesBuildPhase;
			buildActionMask = 2147483647;
			dstPath = "";
			dstSubfolderSpec = 10;
			files = (
				824170722A9BA6F600775C4A /* PodcastBoxAPI.framework in Embed Frameworks */,
				824170732A9BA6F600775C4A /* Utility.framework in Embed Frameworks */,
			);
			name = "Embed Frameworks";
			runOnlyForDeploymentPostprocessing = 0;
		};
		8291765F2AADCADC00A0FF80 /* Embed Frameworks */ = {
			isa = PBXCopyFilesBuildPhase;
			buildActionMask = 2147483647;
			dstPath = "";
			dstSubfolderSpec = 10;
			files = (
				829176602AADCADC00A0FF80 /* PodcastBoxAPI.framework in Embed Frameworks */,
				829176612AADCADC00A0FF80 /* Utility.framework in Embed Frameworks */,
			);
			name = "Embed Frameworks";
			runOnlyForDeploymentPostprocessing = 0;
		};
/* End PBXCopyFilesBuildPhase section */

/* Begin PBXFileReference section */
		57B690A62867BC08008181B6 /* AppDelegate.swift */ = {isa = PBXFileReference; lastKnownFileType = sourcecode.swift; path = AppDelegate.swift; sourceTree = "<group>"; };
		57B690AF2867BC0B008181B6 /* Assets.xcassets */ = {isa = PBXFileReference; lastKnownFileType = folder.assetcatalog; path = Assets.xcassets; sourceTree = "<group>"; };
		57B690B22867BC0B008181B6 /* Base */ = {isa = PBXFileReference; lastKnownFileType = file.storyboard; name = Base; path = Base.lproj/LaunchScreen.storyboard; sourceTree = "<group>"; };
		57B690B42867BC0B008181B6 /* Info.plist */ = {isa = PBXFileReference; lastKnownFileType = text.plist.xml; path = Info.plist; sourceTree = "<group>"; };
		8231653A2A90FA4800F27DB8 /* PodcastBoxAPI.xcodeproj */ = {isa = PBXFileReference; lastKnownFileType = "wrapper.pb-project"; name = PodcastBoxAPI.xcodeproj; path = ../PodcastBoxAPI/PodcastBoxAPI.xcodeproj; sourceTree = "<group>"; };
		823165742A90FAA400F27DB8 /* PodcastDetailPresentation.swift */ = {isa = PBXFileReference; lastKnownFileType = sourcecode.swift; path = PodcastDetailPresentation.swift; sourceTree = "<group>"; };
		824170432A9BA6EE00775C4A /* PodcastDetailBuilder.swift */ = {isa = PBXFileReference; lastKnownFileType = sourcecode.swift; path = PodcastDetailBuilder.swift; sourceTree = "<group>"; };
		824170452A9BA6EE00775C4A /* PodcastDetailContract.swift */ = {isa = PBXFileReference; lastKnownFileType = sourcecode.swift; path = PodcastDetailContract.swift; sourceTree = "<group>"; };
		824170462A9BA6EE00775C4A /* PodcastDetailViewController.swift */ = {isa = PBXFileReference; lastKnownFileType = sourcecode.swift; path = PodcastDetailViewController.swift; sourceTree = "<group>"; };
		824170472A9BA6EE00775C4A /* PodcastDetail.storyboard */ = {isa = PBXFileReference; lastKnownFileType = file.storyboard; path = PodcastDetail.storyboard; sourceTree = "<group>"; };
		8241704A2A9BA6EE00775C4A /* PodcastListViewController.swift */ = {isa = PBXFileReference; lastKnownFileType = sourcecode.swift; path = PodcastListViewController.swift; sourceTree = "<group>"; };
		8241704B2A9BA6EE00775C4A /* PodcastList.storyboard */ = {isa = PBXFileReference; lastKnownFileType = file.storyboard; path = PodcastList.storyboard; sourceTree = "<group>"; };
		8241704C2A9BA6EE00775C4A /* PodcastListContract.swift */ = {isa = PBXFileReference; lastKnownFileType = sourcecode.swift; path = PodcastListContract.swift; sourceTree = "<group>"; };
		8241704F2A9BA6EE00775C4A /* PodcastListBuilder.swift */ = {isa = PBXFileReference; lastKnownFileType = sourcecode.swift; path = PodcastListBuilder.swift; sourceTree = "<group>"; };
		824170512A9BA6EE00775C4A /* AppRouter.swift */ = {isa = PBXFileReference; lastKnownFileType = sourcecode.swift; path = AppRouter.swift; sourceTree = "<group>"; };
		824170522A9BA6EE00775C4A /* AppContainer.swift */ = {isa = PBXFileReference; lastKnownFileType = sourcecode.swift; path = AppContainer.swift; sourceTree = "<group>"; };
		824170532A9BA6EE00775C4A /* AppDelegate.swift */ = {isa = PBXFileReference; lastKnownFileType = sourcecode.swift; path = AppDelegate.swift; sourceTree = "<group>"; };
		824170552A9BA6EE00775C4A /* Assets.xcassets */ = {isa = PBXFileReference; lastKnownFileType = folder.assetcatalog; path = Assets.xcassets; sourceTree = "<group>"; };
		824170582A9BA6EE00775C4A /* Base */ = {isa = PBXFileReference; lastKnownFileType = file.storyboard; name = Base; path = Base.lproj/LaunchScreen.storyboard; sourceTree = "<group>"; };
		824170792A9BA86200775C4A /* Info.plist */ = {isa = PBXFileReference; fileEncoding = 4; lastKnownFileType = text.plist.xml; path = Info.plist; sourceTree = "<group>"; };
		8253CE632AADCD2A002503BE /* PodcastBoxMVCTests.xctest */ = {isa = PBXFileReference; explicitFileType = wrapper.cfbundle; includeInIndex = 0; name = PodcastBoxMVCTests.xctest; path = "/Users/metekarakul/Development/Mobile/late-night-muhabbetleri/PodcastBox/PodcastBox/build/Debug-iphoneos/PodcastBoxMVCTests.xctest"; sourceTree = "<absolute>"; };
		8253CE642AADCD2A002503BE /* PodcastBoxMVVMTests.xctest */ = {isa = PBXFileReference; explicitFileType = wrapper.cfbundle; includeInIndex = 0; name = PodcastBoxMVVMTests.xctest; path = "/Users/metekarakul/Development/Mobile/late-night-muhabbetleri/PodcastBox/PodcastBox/build/Debug-iphoneos/PodcastBoxMVVMTests.xctest"; sourceTree = "<absolute>"; };
		829176402AACD49300A0FF80 /* PodcastBoxMVC.app */ = {isa = PBXFileReference; explicitFileType = wrapper.application; includeInIndex = 0; name = PodcastBoxMVC.app; path = "/Users/metekarakul/Development/Mobile/late-night-muhabbetleri/PodcastBox/PodcastBox/build/Debug-iphoneos/PodcastBoxMVC.app"; sourceTree = "<absolute>"; };
		829176412AACD49300A0FF80 /* PodcastBoxMVVM.app */ = {isa = PBXFileReference; explicitFileType = wrapper.application; includeInIndex = 0; name = PodcastBoxMVVM.app; path = "/Users/metekarakul/Development/Mobile/late-night-muhabbetleri/PodcastBox/PodcastBox/build/Debug-iphoneos/PodcastBoxMVVM.app"; sourceTree = "<absolute>"; };
		8291766A2AADCB3A00A0FF80 /* PodcastDetailViewModel.swift */ = {isa = PBXFileReference; fileEncoding = 4; lastKnownFileType = sourcecode.swift; path = PodcastDetailViewModel.swift; sourceTree = "<group>"; };
		8291766B2AADCB3A00A0FF80 /* PodcastDetailBuilder.swift */ = {isa = PBXFileReference; fileEncoding = 4; lastKnownFileType = sourcecode.swift; path = PodcastDetailBuilder.swift; sourceTree = "<group>"; };
		8291766C2AADCB3A00A0FF80 /* PodcastDetailContract.swift */ = {isa = PBXFileReference; fileEncoding = 4; lastKnownFileType = sourcecode.swift; path = PodcastDetailContract.swift; sourceTree = "<group>"; };
		8291766D2AADCB3A00A0FF80 /* PodcastDetailViewController.swift */ = {isa = PBXFileReference; fileEncoding = 4; lastKnownFileType = sourcecode.swift; path = PodcastDetailViewController.swift; sourceTree = "<group>"; };
		8291766E2AADCB3A00A0FF80 /* PodcastDetail.storyboard */ = {isa = PBXFileReference; fileEncoding = 4; lastKnownFileType = file.storyboard; path = PodcastDetail.storyboard; sourceTree = "<group>"; };
		829176702AADCB3A00A0FF80 /* PodcastListViewController.swift */ = {isa = PBXFileReference; fileEncoding = 4; lastKnownFileType = sourcecode.swift; path = PodcastListViewController.swift; sourceTree = "<group>"; };
		829176712AADCB3A00A0FF80 /* PodcastListViewModel.swift */ = {isa = PBXFileReference; fileEncoding = 4; lastKnownFileType = sourcecode.swift; path = PodcastListViewModel.swift; sourceTree = "<group>"; };
		829176722AADCB3A00A0FF80 /* PodcastList.storyboard */ = {isa = PBXFileReference; fileEncoding = 4; lastKnownFileType = file.storyboard; path = PodcastList.storyboard; sourceTree = "<group>"; };
		829176732AADCB3A00A0FF80 /* PodcastListContract.swift */ = {isa = PBXFileReference; fileEncoding = 4; lastKnownFileType = sourcecode.swift; path = PodcastListContract.swift; sourceTree = "<group>"; };
		829176742AADCB3A00A0FF80 /* PodcastListBuilder.swift */ = {isa = PBXFileReference; fileEncoding = 4; lastKnownFileType = sourcecode.swift; path = PodcastListBuilder.swift; sourceTree = "<group>"; };
		829176762AADCB3A00A0FF80 /* AppRouter.swift */ = {isa = PBXFileReference; fileEncoding = 4; lastKnownFileType = sourcecode.swift; path = AppRouter.swift; sourceTree = "<group>"; };
		829176772AADCB3A00A0FF80 /* AppContainer.swift */ = {isa = PBXFileReference; fileEncoding = 4; lastKnownFileType = sourcecode.swift; path = AppContainer.swift; sourceTree = "<group>"; };
		829176782AADCB3A00A0FF80 /* AppDelegate.swift */ = {isa = PBXFileReference; fileEncoding = 4; lastKnownFileType = sourcecode.swift; path = AppDelegate.swift; sourceTree = "<group>"; };
		8291767A2AADCB3A00A0FF80 /* Assets.xcassets */ = {isa = PBXFileReference; lastKnownFileType = folder.assetcatalog; path = Assets.xcassets; sourceTree = "<group>"; };
		8291767D2AADCB3A00A0FF80 /* Base */ = {isa = PBXFileReference; lastKnownFileType = file.storyboard; name = Base; path = Base.lproj/LaunchScreen.storyboard; sourceTree = "<group>"; };
		8291767E2AADCB3A00A0FF80 /* Info.plist */ = {isa = PBXFileReference; fileEncoding = 4; lastKnownFileType = text.plist.xml; path = Info.plist; sourceTree = "<group>"; };
		8291768F2AADCBC500A0FF80 /* PodcastBoxVIPER.app */ = {isa = PBXFileReference; explicitFileType = wrapper.application; includeInIndex = 0; name = PodcastBoxVIPER.app; path = "/Users/metekarakul/Development/Mobile/late-night-muhabbetleri/PodcastBox/PodcastBox/build/Debug-iphoneos/PodcastBoxVIPER.app"; sourceTree = "<absolute>"; };
		829176912AADCC5100A0FF80 /* PodcastBoxMVVMTests.swift */ = {isa = PBXFileReference; fileEncoding = 4; lastKnownFileType = sourcecode.swift; path = PodcastBoxMVVMTests.swift; sourceTree = "<group>"; };
		829176972AADCCA700A0FF80 /* PodcastBoxVIPERTests.xctest */ = {isa = PBXFileReference; explicitFileType = wrapper.cfbundle; includeInIndex = 0; name = PodcastBoxVIPERTests.xctest; path = "/Users/metekarakul/Development/Mobile/late-night-muhabbetleri/PodcastBox/PodcastBox/build/Debug-iphoneos/PodcastBoxVIPERTests.xctest"; sourceTree = "<absolute>"; };
		829176992AADCCA700A0FF80 /* PodcastBoxVIPERTests.swift */ = {isa = PBXFileReference; lastKnownFileType = sourcecode.swift; path = PodcastBoxVIPERTests.swift; sourceTree = "<group>"; };
		82966A9F2A9104B4004A593B /* PodcastBoxMVCTests.swift */ = {isa = PBXFileReference; lastKnownFileType = sourcecode.swift; path = PodcastBoxMVCTests.swift; sourceTree = "<group>"; };
		82966AA92A926284004A593B /* podcast1.json */ = {isa = PBXFileReference; lastKnownFileType = text.json; path = podcast1.json; sourceTree = "<group>"; };
		82966AAB2A926298004A593B /* podcast2.json */ = {isa = PBXFileReference; lastKnownFileType = text.json; path = podcast2.json; sourceTree = "<group>"; };
		82966AAD2A9262A6004A593B /* podcast3.json */ = {isa = PBXFileReference; lastKnownFileType = text.json; path = podcast3.json; sourceTree = "<group>"; };
		82966AAF2A926363004A593B /* ResourceLoader.swift */ = {isa = PBXFileReference; lastKnownFileType = sourcecode.swift; path = ResourceLoader.swift; sourceTree = "<group>"; };
		82966B002A926831004A593B /* Utility.xcodeproj */ = {isa = PBXFileReference; lastKnownFileType = "wrapper.pb-project"; name = Utility.xcodeproj; path = ../Utility/Utility.xcodeproj; sourceTree = "<group>"; };
		829BC1532A8044C70073036C /* PodcastListContract.swift */ = {isa = PBXFileReference; lastKnownFileType = sourcecode.swift; path = PodcastListContract.swift; sourceTree = "<group>"; };
		829BC1552A87C4040073036C /* PodcastList.storyboard */ = {isa = PBXFileReference; lastKnownFileType = file.storyboard; path = PodcastList.storyboard; sourceTree = "<group>"; };
		829BC1572A87C9C20073036C /* PodcastListView.swift */ = {isa = PBXFileReference; lastKnownFileType = sourcecode.swift; path = PodcastListView.swift; sourceTree = "<group>"; };
		829BC1592A87CBE50073036C /* PodcastListViewController.swift */ = {isa = PBXFileReference; lastKnownFileType = sourcecode.swift; path = PodcastListViewController.swift; sourceTree = "<group>"; };
		829BC15B2A87D68B0073036C /* PodcastPresentation.swift */ = {isa = PBXFileReference; lastKnownFileType = sourcecode.swift; path = PodcastPresentation.swift; sourceTree = "<group>"; };
		829BC15D2A8935F10073036C /* AppContainer.swift */ = {isa = PBXFileReference; lastKnownFileType = sourcecode.swift; path = AppContainer.swift; sourceTree = "<group>"; };
		829BC15F2A8935FA0073036C /* AppRouter.swift */ = {isa = PBXFileReference; lastKnownFileType = sourcecode.swift; path = AppRouter.swift; sourceTree = "<group>"; };
		829BC1622A893A980073036C /* PodcastListBuilder.swift */ = {isa = PBXFileReference; lastKnownFileType = sourcecode.swift; path = PodcastListBuilder.swift; sourceTree = "<group>"; };
		82CEA05B2A9F84DF00F25991 /* PodcastListViewModel.swift */ = {isa = PBXFileReference; lastKnownFileType = sourcecode.swift; path = PodcastListViewModel.swift; sourceTree = "<group>"; };
		82DE47EE2A90C51B00F0F2AB /* PodcastDetailBuilder.swift */ = {isa = PBXFileReference; lastKnownFileType = sourcecode.swift; path = PodcastDetailBuilder.swift; sourceTree = "<group>"; };
		82DE47F02A90C56900F0F2AB /* PodcastDetailViewController.swift */ = {isa = PBXFileReference; lastKnownFileType = sourcecode.swift; path = PodcastDetailViewController.swift; sourceTree = "<group>"; };
		82DE47F42A90C89800F0F2AB /* PodcastDetail.storyboard */ = {isa = PBXFileReference; lastKnownFileType = file.storyboard; path = PodcastDetail.storyboard; sourceTree = "<group>"; };
		82DE47F62A90C8AB00F0F2AB /* PodcastDetailContract.swift */ = {isa = PBXFileReference; lastKnownFileType = sourcecode.swift; path = PodcastDetailContract.swift; sourceTree = "<group>"; };
		82DE47F82A90C8C200F0F2AB /* PodcastDetailView.swift */ = {isa = PBXFileReference; lastKnownFileType = sourcecode.swift; path = PodcastDetailView.swift; sourceTree = "<group>"; };
		82FC7E172A9F9E7A0075E387 /* PodcastDetailViewModel.swift */ = {isa = PBXFileReference; lastKnownFileType = sourcecode.swift; path = PodcastDetailViewModel.swift; sourceTree = "<group>"; };
/* End PBXFileReference section */

/* Begin PBXFrameworksBuildPhase section */
		57B690A02867BC08008181B6 /* Frameworks */ = {
			isa = PBXFrameworksBuildPhase;
			buildActionMask = 2147483647;
			files = (
				82966B0A2A92685E004A593B /* PodcastBoxAPI.framework in Frameworks */,
				82966B0D2A92685E004A593B /* Utility.framework in Frameworks */,
			);
			runOnlyForDeploymentPostprocessing = 0;
		};
		820DC2DC2A9F9252008C706E /* Frameworks */ = {
			isa = PBXFrameworksBuildPhase;
			buildActionMask = 2147483647;
			files = (
			);
			runOnlyForDeploymentPostprocessing = 0;
		};
		824170692A9BA6F600775C4A /* Frameworks */ = {
			isa = PBXFrameworksBuildPhase;
			buildActionMask = 2147483647;
			files = (
				8241706A2A9BA6F600775C4A /* PodcastBoxAPI.framework in Frameworks */,
				8241706B2A9BA6F600775C4A /* Utility.framework in Frameworks */,
			);
			runOnlyForDeploymentPostprocessing = 0;
		};
		829176572AADCADC00A0FF80 /* Frameworks */ = {
			isa = PBXFrameworksBuildPhase;
			buildActionMask = 2147483647;
			files = (
				829176582AADCADC00A0FF80 /* PodcastBoxAPI.framework in Frameworks */,
				829176592AADCADC00A0FF80 /* Utility.framework in Frameworks */,
			);
			runOnlyForDeploymentPostprocessing = 0;
		};
		829176942AADCCA700A0FF80 /* Frameworks */ = {
			isa = PBXFrameworksBuildPhase;
			buildActionMask = 2147483647;
			files = (
			);
			runOnlyForDeploymentPostprocessing = 0;
		};
		82966A9A2A9104B4004A593B /* Frameworks */ = {
			isa = PBXFrameworksBuildPhase;
			buildActionMask = 2147483647;
			files = (
			);
			runOnlyForDeploymentPostprocessing = 0;
		};
/* End PBXFrameworksBuildPhase section */

/* Begin PBXGroup section */
		57B6909A2867BC08008181B6 = {
			isa = PBXGroup;
			children = (
				829176672AADCB3A00A0FF80 /* PodcastBoxVIPER */,
				829176982AADCCA700A0FF80 /* PodcastBoxVIPERTests */,
				824170402A9BA6EE00775C4A /* PodcastBoxMVVM */,
				829176902AADCC5100A0FF80 /* PodcastBoxMVVMTests */,
				57B690A52867BC08008181B6 /* PodcastBoxMVC */,
				82966A9E2A9104B4004A593B /* PodcastBoxMVCTests */,
				82966AA62A926215004A593B /* Commons */,
				57B690DE2867C1B1008181B6 /* Vendor */,
			);
			sourceTree = "<group>";
		};
		57B690A52867BC08008181B6 /* PodcastBoxMVC */ = {
			isa = PBXGroup;
			children = (
				829BC14C2A8044540073036C /* App */,
				829BC1512A8044970073036C /* Scenes */,
				829BC14F2A8044770073036C /* Resources */,
				829BC1502A8044820073036C /* Supporting Files */,
			);
			path = PodcastBoxMVC;
			sourceTree = "<group>";
		};
		57B690DE2867C1B1008181B6 /* Vendor */ = {
			isa = PBXGroup;
			children = (
				82966B002A926831004A593B /* Utility.xcodeproj */,
				8231653A2A90FA4800F27DB8 /* PodcastBoxAPI.xcodeproj */,
			);
			name = Vendor;
			sourceTree = "<group>";
		};
		8231653B2A90FA4800F27DB8 /* Products */ = {
			isa = PBXGroup;
			children = (
				823165402A90FA4800F27DB8 /* PodcastBoxAPI.framework */,
				823165422A90FA4800F27DB8 /* PodcastBoxAPITests.xctest */,
			);
			name = Products;
			sourceTree = "<group>";
		};
		824170402A9BA6EE00775C4A /* PodcastBoxMVVM */ = {
			isa = PBXGroup;
			children = (
				824170502A9BA6EE00775C4A /* App */,
				824170412A9BA6EE00775C4A /* Scenes */,
				824170542A9BA6EE00775C4A /* Resources */,
				824170562A9BA6EE00775C4A /* Supporting Files */,
			);
			path = PodcastBoxMVVM;
			sourceTree = "<group>";
		};
		824170412A9BA6EE00775C4A /* Scenes */ = {
			isa = PBXGroup;
			children = (
				824170492A9BA6EE00775C4A /* PodcastList */,
				824170422A9BA6EE00775C4A /* PodcastDetail */,
			);
			path = Scenes;
			sourceTree = "<group>";
		};
		824170422A9BA6EE00775C4A /* PodcastDetail */ = {
			isa = PBXGroup;
			children = (
				824170452A9BA6EE00775C4A /* PodcastDetailContract.swift */,
				824170472A9BA6EE00775C4A /* PodcastDetail.storyboard */,
				82FC7E172A9F9E7A0075E387 /* PodcastDetailViewModel.swift */,
				824170462A9BA6EE00775C4A /* PodcastDetailViewController.swift */,
				824170432A9BA6EE00775C4A /* PodcastDetailBuilder.swift */,
			);
			path = PodcastDetail;
			sourceTree = "<group>";
		};
		824170492A9BA6EE00775C4A /* PodcastList */ = {
			isa = PBXGroup;
			children = (
				8241704C2A9BA6EE00775C4A /* PodcastListContract.swift */,
				8241704B2A9BA6EE00775C4A /* PodcastList.storyboard */,
				82CEA05B2A9F84DF00F25991 /* PodcastListViewModel.swift */,
				8241704A2A9BA6EE00775C4A /* PodcastListViewController.swift */,
				8241704F2A9BA6EE00775C4A /* PodcastListBuilder.swift */,
			);
			path = PodcastList;
			sourceTree = "<group>";
		};
		824170502A9BA6EE00775C4A /* App */ = {
			isa = PBXGroup;
			children = (
				824170512A9BA6EE00775C4A /* AppRouter.swift */,
				824170522A9BA6EE00775C4A /* AppContainer.swift */,
				824170532A9BA6EE00775C4A /* AppDelegate.swift */,
			);
			path = App;
			sourceTree = "<group>";
		};
		824170542A9BA6EE00775C4A /* Resources */ = {
			isa = PBXGroup;
			children = (
				824170552A9BA6EE00775C4A /* Assets.xcassets */,
			);
			path = Resources;
			sourceTree = "<group>";
		};
		824170562A9BA6EE00775C4A /* Supporting Files */ = {
			isa = PBXGroup;
			children = (
				824170792A9BA86200775C4A /* Info.plist */,
				824170572A9BA6EE00775C4A /* LaunchScreen.storyboard */,
			);
			path = "Supporting Files";
			sourceTree = "<group>";
		};
		829176672AADCB3A00A0FF80 /* PodcastBoxVIPER */ = {
			isa = PBXGroup;
			children = (
				829176752AADCB3A00A0FF80 /* App */,
				829176682AADCB3A00A0FF80 /* Scenes */,
				829176792AADCB3A00A0FF80 /* Resources */,
				8291767B2AADCB3A00A0FF80 /* Supporting Files */,
			);
			path = PodcastBoxVIPER;
			sourceTree = "<group>";
		};
		829176682AADCB3A00A0FF80 /* Scenes */ = {
			isa = PBXGroup;
			children = (
				8291766F2AADCB3A00A0FF80 /* PodcastList */,
				829176692AADCB3A00A0FF80 /* PodcastDetail */,
			);
			path = Scenes;
			sourceTree = "<group>";
		};
		829176692AADCB3A00A0FF80 /* PodcastDetail */ = {
			isa = PBXGroup;
			children = (
				8291766A2AADCB3A00A0FF80 /* PodcastDetailViewModel.swift */,
				8291766B2AADCB3A00A0FF80 /* PodcastDetailBuilder.swift */,
				8291766C2AADCB3A00A0FF80 /* PodcastDetailContract.swift */,
				8291766D2AADCB3A00A0FF80 /* PodcastDetailViewController.swift */,
				8291766E2AADCB3A00A0FF80 /* PodcastDetail.storyboard */,
			);
			path = PodcastDetail;
			sourceTree = "<group>";
		};
		8291766F2AADCB3A00A0FF80 /* PodcastList */ = {
			isa = PBXGroup;
			children = (
				829176702AADCB3A00A0FF80 /* PodcastListViewController.swift */,
				829176712AADCB3A00A0FF80 /* PodcastListViewModel.swift */,
				829176722AADCB3A00A0FF80 /* PodcastList.storyboard */,
				829176732AADCB3A00A0FF80 /* PodcastListContract.swift */,
				829176742AADCB3A00A0FF80 /* PodcastListBuilder.swift */,
			);
			path = PodcastList;
			sourceTree = "<group>";
		};
		829176752AADCB3A00A0FF80 /* App */ = {
			isa = PBXGroup;
			children = (
				829176762AADCB3A00A0FF80 /* AppRouter.swift */,
				829176772AADCB3A00A0FF80 /* AppContainer.swift */,
				829176782AADCB3A00A0FF80 /* AppDelegate.swift */,
			);
			path = App;
			sourceTree = "<group>";
		};
		829176792AADCB3A00A0FF80 /* Resources */ = {
			isa = PBXGroup;
			children = (
				8291767A2AADCB3A00A0FF80 /* Assets.xcassets */,
			);
			path = Resources;
			sourceTree = "<group>";
		};
		8291767B2AADCB3A00A0FF80 /* Supporting Files */ = {
			isa = PBXGroup;
			children = (
				8291767C2AADCB3A00A0FF80 /* LaunchScreen.storyboard */,
				8291767E2AADCB3A00A0FF80 /* Info.plist */,
			);
			path = "Supporting Files";
			sourceTree = "<group>";
		};
		829176902AADCC5100A0FF80 /* PodcastBoxMVVMTests */ = {
			isa = PBXGroup;
			children = (
				829176912AADCC5100A0FF80 /* PodcastBoxMVVMTests.swift */,
			);
			path = PodcastBoxMVVMTests;
			sourceTree = "<group>";
		};
		829176982AADCCA700A0FF80 /* PodcastBoxVIPERTests */ = {
			isa = PBXGroup;
			children = (
				829176992AADCCA700A0FF80 /* PodcastBoxVIPERTests.swift */,
			);
			path = PodcastBoxVIPERTests;
			sourceTree = "<group>";
		};
		82966A9E2A9104B4004A593B /* PodcastBoxMVCTests */ = {
			isa = PBXGroup;
			children = (
				82966A9F2A9104B4004A593B /* PodcastBoxMVCTests.swift */,
			);
			path = PodcastBoxMVCTests;
			sourceTree = "<group>";
		};
		82966AA62A926215004A593B /* Commons */ = {
			isa = PBXGroup;
			children = (
				82FC7E192A9F9F120075E387 /* Presentations */,
				82966AA72A926266004A593B /* Test */,
			);
			path = Commons;
			sourceTree = "<group>";
		};
		82966AA72A926266004A593B /* Test */ = {
			isa = PBXGroup;
			children = (
				82966AA82A92626D004A593B /* Resources */,
				82966AAF2A926363004A593B /* ResourceLoader.swift */,
			);
			path = Test;
			sourceTree = "<group>";
		};
		82966AA82A92626D004A593B /* Resources */ = {
			isa = PBXGroup;
			children = (
				82966AA92A926284004A593B /* podcast1.json */,
				82966AAB2A926298004A593B /* podcast2.json */,
				82966AAD2A9262A6004A593B /* podcast3.json */,
			);
			path = Resources;
			sourceTree = "<group>";
		};
		82966B012A926831004A593B /* Products */ = {
			isa = PBXGroup;
			children = (
				82966B062A926831004A593B /* Utility.framework */,
				82966B082A926831004A593B /* UtilityTests.xctest */,
			);
			name = Products;
			sourceTree = "<group>";
		};
		829BC14C2A8044540073036C /* App */ = {
			isa = PBXGroup;
			children = (
				57B690A62867BC08008181B6 /* AppDelegate.swift */,
				829BC15D2A8935F10073036C /* AppContainer.swift */,
				829BC15F2A8935FA0073036C /* AppRouter.swift */,
			);
			path = App;
			sourceTree = "<group>";
		};
		829BC14F2A8044770073036C /* Resources */ = {
			isa = PBXGroup;
			children = (
				57B690AF2867BC0B008181B6 /* Assets.xcassets */,
			);
			path = Resources;
			sourceTree = "<group>";
		};
		829BC1502A8044820073036C /* Supporting Files */ = {
			isa = PBXGroup;
			children = (
				57B690B12867BC0B008181B6 /* LaunchScreen.storyboard */,
				57B690B42867BC0B008181B6 /* Info.plist */,
			);
			path = "Supporting Files";
			sourceTree = "<group>";
		};
		829BC1512A8044970073036C /* Scenes */ = {
			isa = PBXGroup;
			children = (
				829BC1522A8044A90073036C /* PodcastList */,
				82DE47ED2A90C4EE00F0F2AB /* PodcastDetail */,
			);
			path = Scenes;
			sourceTree = "<group>";
		};
		829BC1522A8044A90073036C /* PodcastList */ = {
			isa = PBXGroup;
			children = (
				829BC1532A8044C70073036C /* PodcastListContract.swift */,
				829BC1552A87C4040073036C /* PodcastList.storyboard */,
				829BC1572A87C9C20073036C /* PodcastListView.swift */,
				829BC1592A87CBE50073036C /* PodcastListViewController.swift */,
				829BC1622A893A980073036C /* PodcastListBuilder.swift */,
			);
			path = PodcastList;
			sourceTree = "<group>";
		};
		82DE47ED2A90C4EE00F0F2AB /* PodcastDetail */ = {
			isa = PBXGroup;
			children = (
				82DE47F62A90C8AB00F0F2AB /* PodcastDetailContract.swift */,
				82DE47F42A90C89800F0F2AB /* PodcastDetail.storyboard */,
				82DE47F82A90C8C200F0F2AB /* PodcastDetailView.swift */,
				82DE47F02A90C56900F0F2AB /* PodcastDetailViewController.swift */,
				82DE47EE2A90C51B00F0F2AB /* PodcastDetailBuilder.swift */,
			);
			path = PodcastDetail;
			sourceTree = "<group>";
		};
		82FC7E192A9F9F120075E387 /* Presentations */ = {
			isa = PBXGroup;
			children = (
				829BC15B2A87D68B0073036C /* PodcastPresentation.swift */,
				823165742A90FAA400F27DB8 /* PodcastDetailPresentation.swift */,
			);
			path = Presentations;
			sourceTree = "<group>";
		};
/* End PBXGroup section */

/* Begin PBXNativeTarget section */
		57B690A22867BC08008181B6 /* PodcastBoxMVC */ = {
			isa = PBXNativeTarget;
			buildConfigurationList = 57B690B72867BC0B008181B6 /* Build configuration list for PBXNativeTarget "PodcastBoxMVC" */;
			buildPhases = (
				57B6909F2867BC08008181B6 /* Sources */,
				57B690A02867BC08008181B6 /* Frameworks */,
				57B690A12867BC08008181B6 /* Resources */,
				57B690EB2867C202008181B6 /* Embed Frameworks */,
			);
			buildRules = (
			);
			dependencies = (
			);
			name = PodcastBoxMVC;
			productName = MovieBox;
			productReference = 829176402AACD49300A0FF80 /* PodcastBoxMVC.app */;
			productType = "com.apple.product-type.application";
		};
		820DC2DE2A9F9252008C706E /* PodcastBoxMVVMTests */ = {
			isa = PBXNativeTarget;
			buildConfigurationList = 820DC2E52A9F9252008C706E /* Build configuration list for PBXNativeTarget "PodcastBoxMVVMTests" */;
			buildPhases = (
				820DC2DB2A9F9252008C706E /* Sources */,
				820DC2DC2A9F9252008C706E /* Frameworks */,
				820DC2DD2A9F9252008C706E /* Resources */,
			);
			buildRules = (
			);
			dependencies = (
				820DC2E42A9F9252008C706E /* PBXTargetDependency */,
			);
			name = PodcastBoxMVVMTests;
			productName = PodcastBoxMVVMTests;
			productReference = 8253CE642AADCD2A002503BE /* PodcastBoxMVVMTests.xctest */;
			productType = "com.apple.product-type.bundle.unit-test";
		};
		8241705A2A9BA6F600775C4A /* PodcastBoxMVVM */ = {
			isa = PBXNativeTarget;
			buildConfigurationList = 824170742A9BA6F600775C4A /* Build configuration list for PBXNativeTarget "PodcastBoxMVVM" */;
			buildPhases = (
				8241705B2A9BA6F600775C4A /* Sources */,
				824170692A9BA6F600775C4A /* Frameworks */,
				8241706C2A9BA6F600775C4A /* Resources */,
				824170712A9BA6F600775C4A /* Embed Frameworks */,
			);
			buildRules = (
			);
			dependencies = (
			);
			name = PodcastBoxMVVM;
			productName = MovieBox;
			productReference = 829176412AACD49300A0FF80 /* PodcastBoxMVVM.app */;
			productType = "com.apple.product-type.application";
		};
		829176482AADCADC00A0FF80 /* PodcastBoxVIPER */ = {
			isa = PBXNativeTarget;
			buildConfigurationList = 829176622AADCADC00A0FF80 /* Build configuration list for PBXNativeTarget "PodcastBoxVIPER" */;
			buildPhases = (
				829176492AADCADC00A0FF80 /* Sources */,
				829176572AADCADC00A0FF80 /* Frameworks */,
				8291765A2AADCADC00A0FF80 /* Resources */,
				8291765F2AADCADC00A0FF80 /* Embed Frameworks */,
			);
			buildRules = (
			);
			dependencies = (
			);
			name = PodcastBoxVIPER;
			productName = MovieBox;
			productReference = 8291768F2AADCBC500A0FF80 /* PodcastBoxVIPER.app */;
			productType = "com.apple.product-type.application";
		};
		829176962AADCCA700A0FF80 /* PodcastBoxVIPERTests */ = {
			isa = PBXNativeTarget;
			buildConfigurationList = 8291769D2AADCCA700A0FF80 /* Build configuration list for PBXNativeTarget "PodcastBoxVIPERTests" */;
			buildPhases = (
				829176932AADCCA700A0FF80 /* Sources */,
				829176942AADCCA700A0FF80 /* Frameworks */,
				829176952AADCCA700A0FF80 /* Resources */,
			);
			buildRules = (
			);
			dependencies = (
				8291769C2AADCCA700A0FF80 /* PBXTargetDependency */,
			);
			name = PodcastBoxVIPERTests;
			productName = PodcastBoxVIPERTests;
			productReference = 829176972AADCCA700A0FF80 /* PodcastBoxVIPERTests.xctest */;
			productType = "com.apple.product-type.bundle.unit-test";
		};
		82966A9C2A9104B4004A593B /* PodcastBoxMVCTests */ = {
			isa = PBXNativeTarget;
			buildConfigurationList = 82966AA32A9104B4004A593B /* Build configuration list for PBXNativeTarget "PodcastBoxMVCTests" */;
			buildPhases = (
				82966A992A9104B4004A593B /* Sources */,
				82966A9A2A9104B4004A593B /* Frameworks */,
				82966A9B2A9104B4004A593B /* Resources */,
			);
			buildRules = (
			);
			dependencies = (
				82966AA22A9104B4004A593B /* PBXTargetDependency */,
			);
			name = PodcastBoxMVCTests;
			productName = PodcastBoxMVCTests;
			productReference = 8253CE632AADCD2A002503BE /* PodcastBoxMVCTests.xctest */;
			productType = "com.apple.product-type.bundle.unit-test";
		};
/* End PBXNativeTarget section */

/* Begin PBXProject section */
		57B6909B2867BC08008181B6 /* Project object */ = {
			isa = PBXProject;
			attributes = {
				BuildIndependentTargetsInParallel = 1;
				LastSwiftUpdateCheck = 1430;
				LastUpgradeCheck = 1340;
				TargetAttributes = {
					57B690A22867BC08008181B6 = {
						CreatedOnToolsVersion = 13.4.1;
					};
					820DC2DE2A9F9252008C706E = {
						CreatedOnToolsVersion = 14.3.1;
						TestTargetID = 8241705A2A9BA6F600775C4A;
					};
					829176962AADCCA700A0FF80 = {
						CreatedOnToolsVersion = 14.3.1;
						TestTargetID = 829176482AADCADC00A0FF80;
					};
					82966A9C2A9104B4004A593B = {
						CreatedOnToolsVersion = 14.3.1;
						TestTargetID = 57B690A22867BC08008181B6;
					};
				};
			};
			buildConfigurationList = 57B6909E2867BC08008181B6 /* Build configuration list for PBXProject "PodcastBox" */;
			compatibilityVersion = "Xcode 13.0";
			developmentRegion = en;
			hasScannedForEncodings = 0;
			knownRegions = (
				en,
				Base,
			);
			mainGroup = 57B6909A2867BC08008181B6;
			productRefGroup = 57B6909A2867BC08008181B6;
			projectDirPath = "";
			projectReferences = (
				{
					ProductGroup = 8231653B2A90FA4800F27DB8 /* Products */;
					ProjectRef = 8231653A2A90FA4800F27DB8 /* PodcastBoxAPI.xcodeproj */;
				},
				{
					ProductGroup = 82966B012A926831004A593B /* Products */;
					ProjectRef = 82966B002A926831004A593B /* Utility.xcodeproj */;
				},
			);
			projectRoot = "";
			targets = (
				57B690A22867BC08008181B6 /* PodcastBoxMVC */,
				8241705A2A9BA6F600775C4A /* PodcastBoxMVVM */,
				829176482AADCADC00A0FF80 /* PodcastBoxVIPER */,
				82966A9C2A9104B4004A593B /* PodcastBoxMVCTests */,
				820DC2DE2A9F9252008C706E /* PodcastBoxMVVMTests */,
				829176962AADCCA700A0FF80 /* PodcastBoxVIPERTests */,
			);
		};
/* End PBXProject section */

/* Begin PBXReferenceProxy section */
		823165402A90FA4800F27DB8 /* PodcastBoxAPI.framework */ = {
			isa = PBXReferenceProxy;
			fileType = wrapper.framework;
			path = PodcastBoxAPI.framework;
			remoteRef = 8231653F2A90FA4800F27DB8 /* PBXContainerItemProxy */;
			sourceTree = BUILT_PRODUCTS_DIR;
		};
		823165422A90FA4800F27DB8 /* PodcastBoxAPITests.xctest */ = {
			isa = PBXReferenceProxy;
			fileType = wrapper.cfbundle;
			path = PodcastBoxAPITests.xctest;
			remoteRef = 823165412A90FA4800F27DB8 /* PBXContainerItemProxy */;
			sourceTree = BUILT_PRODUCTS_DIR;
		};
		82966B062A926831004A593B /* Utility.framework */ = {
			isa = PBXReferenceProxy;
			fileType = wrapper.framework;
			path = Utility.framework;
			remoteRef = 82966B052A926831004A593B /* PBXContainerItemProxy */;
			sourceTree = BUILT_PRODUCTS_DIR;
		};
		82966B082A926831004A593B /* UtilityTests.xctest */ = {
			isa = PBXReferenceProxy;
			fileType = wrapper.cfbundle;
			path = UtilityTests.xctest;
			remoteRef = 82966B072A926831004A593B /* PBXContainerItemProxy */;
			sourceTree = BUILT_PRODUCTS_DIR;
		};
/* End PBXReferenceProxy section */

/* Begin PBXResourcesBuildPhase section */
		57B690A12867BC08008181B6 /* Resources */ = {
			isa = PBXResourcesBuildPhase;
			buildActionMask = 2147483647;
			files = (
				82DE47F52A90C89800F0F2AB /* PodcastDetail.storyboard in Resources */,
				57B690B32867BC0B008181B6 /* LaunchScreen.storyboard in Resources */,
				57B690B02867BC0B008181B6 /* Assets.xcassets in Resources */,
				8241707E2A9BA91F00775C4A /* PodcastList.storyboard in Resources */,
			);
			runOnlyForDeploymentPostprocessing = 0;
		};
		820DC2DD2A9F9252008C706E /* Resources */ = {
			isa = PBXResourcesBuildPhase;
			buildActionMask = 2147483647;
			files = (
				82FC7E162A9F93C20075E387 /* podcast3.json in Resources */,
				82FC7E152A9F93C20075E387 /* podcast1.json in Resources */,
				82FC7E142A9F93C20075E387 /* podcast2.json in Resources */,
			);
			runOnlyForDeploymentPostprocessing = 0;
		};
		8241706C2A9BA6F600775C4A /* Resources */ = {
			isa = PBXResourcesBuildPhase;
			buildActionMask = 2147483647;
			files = (
				824170952A9BA97500775C4A /* LaunchScreen.storyboard in Resources */,
				824170942A9BA96800775C4A /* Assets.xcassets in Resources */,
			);
			runOnlyForDeploymentPostprocessing = 0;
		};
		8291765A2AADCADC00A0FF80 /* Resources */ = {
			isa = PBXResourcesBuildPhase;
			buildActionMask = 2147483647;
			files = (
				8291768D2AADCB3A00A0FF80 /* LaunchScreen.storyboard in Resources */,
				829176862AADCB3A00A0FF80 /* PodcastList.storyboard in Resources */,
				829176832AADCB3A00A0FF80 /* PodcastDetail.storyboard in Resources */,
				8291768C2AADCB3A00A0FF80 /* Assets.xcassets in Resources */,
			);
			runOnlyForDeploymentPostprocessing = 0;
		};
		829176952AADCCA700A0FF80 /* Resources */ = {
			isa = PBXResourcesBuildPhase;
			buildActionMask = 2147483647;
			files = (
				8253CE6D2AADCE4E002503BE /* podcast2.json in Resources */,
				8253CE6C2AADCE4E002503BE /* podcast1.json in Resources */,
				8253CE6B2AADCE4E002503BE /* podcast3.json in Resources */,
			);
			runOnlyForDeploymentPostprocessing = 0;
		};
		82966A9B2A9104B4004A593B /* Resources */ = {
			isa = PBXResourcesBuildPhase;
			buildActionMask = 2147483647;
			files = (
				82966AB32A92646E004A593B /* podcast3.json in Resources */,
				82966AB12A926466004A593B /* podcast1.json in Resources */,
				82966AB22A92646A004A593B /* podcast2.json in Resources */,
			);
			runOnlyForDeploymentPostprocessing = 0;
		};
/* End PBXResourcesBuildPhase section */

/* Begin PBXSourcesBuildPhase section */
		57B6909F2867BC08008181B6 /* Sources */ = {
			isa = PBXSourcesBuildPhase;
			buildActionMask = 2147483647;
			files = (
				824170812A9BA92300775C4A /* AppDelegate.swift in Sources */,
				82DE47EF2A90C51B00F0F2AB /* PodcastDetailBuilder.swift in Sources */,
				8241707F2A9BA91F00775C4A /* PodcastListViewController.swift in Sources */,
				824170802A9BA91F00775C4A /* PodcastListBuilder.swift in Sources */,
				82DE47F72A90C8AB00F0F2AB /* PodcastDetailContract.swift in Sources */,
				824170822A9BA92300775C4A /* AppContainer.swift in Sources */,
				8241707B2A9BA91F00775C4A /* PodcastPresentation.swift in Sources */,
				823165752A90FAA400F27DB8 /* PodcastDetailPresentation.swift in Sources */,
				8241707C2A9BA91F00775C4A /* PodcastListContract.swift in Sources */,
				8241707D2A9BA91F00775C4A /* PodcastListView.swift in Sources */,
				824170832A9BA92300775C4A /* AppRouter.swift in Sources */,
				82DE47F12A90C56900F0F2AB /* PodcastDetailViewController.swift in Sources */,
				82DE47F92A90C8C200F0F2AB /* PodcastDetailView.swift in Sources */,
			);
			runOnlyForDeploymentPostprocessing = 0;
		};
		820DC2DB2A9F9252008C706E /* Sources */ = {
			isa = PBXSourcesBuildPhase;
			buildActionMask = 2147483647;
			files = (
				829176922AADCC5100A0FF80 /* PodcastBoxMVVMTests.swift in Sources */,
				82FC7E132A9F934B0075E387 /* ResourceLoader.swift in Sources */,
			);
			runOnlyForDeploymentPostprocessing = 0;
		};
		8241705B2A9BA6F600775C4A /* Sources */ = {
			isa = PBXSourcesBuildPhase;
			buildActionMask = 2147483647;
			files = (
				82FC7E1A2A9F9F2A0075E387 /* PodcastPresentation.swift in Sources */,
				824170862A9BA95800775C4A /* AppDelegate.swift in Sources */,
				824170852A9BA95800775C4A /* AppContainer.swift in Sources */,
				82FC7E1B2A9F9F2A0075E387 /* PodcastDetailPresentation.swift in Sources */,
				824170872A9BA95800775C4A /* AppRouter.swift in Sources */,
			);
			runOnlyForDeploymentPostprocessing = 0;
		};
		829176492AADCADC00A0FF80 /* Sources */ = {
			isa = PBXSourcesBuildPhase;
			buildActionMask = 2147483647;
			files = (
				8291768B2AADCB3A00A0FF80 /* AppDelegate.swift in Sources */,
				829176802AADCB3A00A0FF80 /* PodcastDetailBuilder.swift in Sources */,
				829176842AADCB3A00A0FF80 /* PodcastListViewController.swift in Sources */,
				8291764A2AADCADC00A0FF80 /* PodcastPresentation.swift in Sources */,
				8291768A2AADCB3A00A0FF80 /* AppContainer.swift in Sources */,
				829176812AADCB3A00A0FF80 /* PodcastDetailContract.swift in Sources */,
				829176872AADCB3A00A0FF80 /* PodcastListContract.swift in Sources */,
				829176822AADCB3A00A0FF80 /* PodcastDetailViewController.swift in Sources */,
				829176882AADCB3A00A0FF80 /* PodcastListBuilder.swift in Sources */,
				829176852AADCB3A00A0FF80 /* PodcastListViewModel.swift in Sources */,
				8291767F2AADCB3A00A0FF80 /* PodcastDetailViewModel.swift in Sources */,
				829176892AADCB3A00A0FF80 /* AppRouter.swift in Sources */,
				829176552AADCADC00A0FF80 /* PodcastDetailPresentation.swift in Sources */,
			);
			runOnlyForDeploymentPostprocessing = 0;
		};
		829176932AADCCA700A0FF80 /* Sources */ = {
			isa = PBXSourcesBuildPhase;
			buildActionMask = 2147483647;
			files = (
				8253CE6E2AADCE51002503BE /* ResourceLoader.swift in Sources */,
				8291769A2AADCCA700A0FF80 /* PodcastBoxVIPERTests.swift in Sources */,
			);
			runOnlyForDeploymentPostprocessing = 0;
		};
		82966A992A9104B4004A593B /* Sources */ = {
			isa = PBXSourcesBuildPhase;
			buildActionMask = 2147483647;
			files = (
				82966AB42A926479004A593B /* ResourceLoader.swift in Sources */,
				82966AA02A9104B4004A593B /* PodcastBoxMVCTests.swift in Sources */,
			);
			runOnlyForDeploymentPostprocessing = 0;
		};
/* End PBXSourcesBuildPhase section */

/* Begin PBXTargetDependency section */
		820DC2E42A9F9252008C706E /* PBXTargetDependency */ = {
			isa = PBXTargetDependency;
			target = 8241705A2A9BA6F600775C4A /* PodcastBoxMVVM */;
			targetProxy = 820DC2E32A9F9252008C706E /* PBXContainerItemProxy */;
		};
		8291769C2AADCCA700A0FF80 /* PBXTargetDependency */ = {
			isa = PBXTargetDependency;
			target = 829176482AADCADC00A0FF80 /* PodcastBoxVIPER */;
			targetProxy = 8291769B2AADCCA700A0FF80 /* PBXContainerItemProxy */;
		};
		82966AA22A9104B4004A593B /* PBXTargetDependency */ = {
			isa = PBXTargetDependency;
			target = 57B690A22867BC08008181B6 /* PodcastBoxMVC */;
			targetProxy = 82966AA12A9104B4004A593B /* PBXContainerItemProxy */;
		};
/* End PBXTargetDependency section */

/* Begin PBXVariantGroup section */
		57B690B12867BC0B008181B6 /* LaunchScreen.storyboard */ = {
			isa = PBXVariantGroup;
			children = (
				57B690B22867BC0B008181B6 /* Base */,
			);
			name = LaunchScreen.storyboard;
			sourceTree = "<group>";
		};
		824170572A9BA6EE00775C4A /* LaunchScreen.storyboard */ = {
			isa = PBXVariantGroup;
			children = (
				824170582A9BA6EE00775C4A /* Base */,
			);
			name = LaunchScreen.storyboard;
			sourceTree = "<group>";
		};
		8291767C2AADCB3A00A0FF80 /* LaunchScreen.storyboard */ = {
			isa = PBXVariantGroup;
			children = (
				8291767D2AADCB3A00A0FF80 /* Base */,
			);
			name = LaunchScreen.storyboard;
			sourceTree = "<group>";
		};
/* End PBXVariantGroup section */

/* Begin XCBuildConfiguration section */
		57B690B52867BC0B008181B6 /* Debug */ = {
			isa = XCBuildConfiguration;
			buildSettings = {
				ALWAYS_SEARCH_USER_PATHS = NO;
				CLANG_ANALYZER_NONNULL = YES;
				CLANG_ANALYZER_NUMBER_OBJECT_CONVERSION = YES_AGGRESSIVE;
				CLANG_CXX_LANGUAGE_STANDARD = "gnu++17";
				CLANG_ENABLE_MODULES = YES;
				CLANG_ENABLE_OBJC_ARC = YES;
				CLANG_ENABLE_OBJC_WEAK = YES;
				CLANG_WARN_BLOCK_CAPTURE_AUTORELEASING = YES;
				CLANG_WARN_BOOL_CONVERSION = YES;
				CLANG_WARN_COMMA = YES;
				CLANG_WARN_CONSTANT_CONVERSION = YES;
				CLANG_WARN_DEPRECATED_OBJC_IMPLEMENTATIONS = YES;
				CLANG_WARN_DIRECT_OBJC_ISA_USAGE = YES_ERROR;
				CLANG_WARN_DOCUMENTATION_COMMENTS = YES;
				CLANG_WARN_EMPTY_BODY = YES;
				CLANG_WARN_ENUM_CONVERSION = YES;
				CLANG_WARN_INFINITE_RECURSION = YES;
				CLANG_WARN_INT_CONVERSION = YES;
				CLANG_WARN_NON_LITERAL_NULL_CONVERSION = YES;
				CLANG_WARN_OBJC_IMPLICIT_RETAIN_SELF = YES;
				CLANG_WARN_OBJC_LITERAL_CONVERSION = YES;
				CLANG_WARN_OBJC_ROOT_CLASS = YES_ERROR;
				CLANG_WARN_QUOTED_INCLUDE_IN_FRAMEWORK_HEADER = YES;
				CLANG_WARN_RANGE_LOOP_ANALYSIS = YES;
				CLANG_WARN_STRICT_PROTOTYPES = YES;
				CLANG_WARN_SUSPICIOUS_MOVE = YES;
				CLANG_WARN_UNGUARDED_AVAILABILITY = YES_AGGRESSIVE;
				CLANG_WARN_UNREACHABLE_CODE = YES;
				CLANG_WARN__DUPLICATE_METHOD_MATCH = YES;
				COPY_PHASE_STRIP = NO;
				DEBUG_INFORMATION_FORMAT = dwarf;
				ENABLE_STRICT_OBJC_MSGSEND = YES;
				ENABLE_TESTABILITY = YES;
				GCC_C_LANGUAGE_STANDARD = gnu11;
				GCC_DYNAMIC_NO_PIC = NO;
				GCC_NO_COMMON_BLOCKS = YES;
				GCC_OPTIMIZATION_LEVEL = 0;
				GCC_PREPROCESSOR_DEFINITIONS = (
					"DEBUG=1",
					"$(inherited)",
				);
				GCC_WARN_64_TO_32_BIT_CONVERSION = YES;
				GCC_WARN_ABOUT_RETURN_TYPE = YES_ERROR;
				GCC_WARN_UNDECLARED_SELECTOR = YES;
				GCC_WARN_UNINITIALIZED_AUTOS = YES_AGGRESSIVE;
				GCC_WARN_UNUSED_FUNCTION = YES;
				GCC_WARN_UNUSED_VARIABLE = YES;
				IPHONEOS_DEPLOYMENT_TARGET = 15.5;
				MTL_ENABLE_DEBUG_INFO = INCLUDE_SOURCE;
				MTL_FAST_MATH = YES;
				ONLY_ACTIVE_ARCH = YES;
				SDKROOT = iphoneos;
				SWIFT_ACTIVE_COMPILATION_CONDITIONS = DEBUG;
				SWIFT_OPTIMIZATION_LEVEL = "-Onone";
			};
			name = Debug;
		};
		57B690B62867BC0B008181B6 /* Release */ = {
			isa = XCBuildConfiguration;
			buildSettings = {
				ALWAYS_SEARCH_USER_PATHS = NO;
				CLANG_ANALYZER_NONNULL = YES;
				CLANG_ANALYZER_NUMBER_OBJECT_CONVERSION = YES_AGGRESSIVE;
				CLANG_CXX_LANGUAGE_STANDARD = "gnu++17";
				CLANG_ENABLE_MODULES = YES;
				CLANG_ENABLE_OBJC_ARC = YES;
				CLANG_ENABLE_OBJC_WEAK = YES;
				CLANG_WARN_BLOCK_CAPTURE_AUTORELEASING = YES;
				CLANG_WARN_BOOL_CONVERSION = YES;
				CLANG_WARN_COMMA = YES;
				CLANG_WARN_CONSTANT_CONVERSION = YES;
				CLANG_WARN_DEPRECATED_OBJC_IMPLEMENTATIONS = YES;
				CLANG_WARN_DIRECT_OBJC_ISA_USAGE = YES_ERROR;
				CLANG_WARN_DOCUMENTATION_COMMENTS = YES;
				CLANG_WARN_EMPTY_BODY = YES;
				CLANG_WARN_ENUM_CONVERSION = YES;
				CLANG_WARN_INFINITE_RECURSION = YES;
				CLANG_WARN_INT_CONVERSION = YES;
				CLANG_WARN_NON_LITERAL_NULL_CONVERSION = YES;
				CLANG_WARN_OBJC_IMPLICIT_RETAIN_SELF = YES;
				CLANG_WARN_OBJC_LITERAL_CONVERSION = YES;
				CLANG_WARN_OBJC_ROOT_CLASS = YES_ERROR;
				CLANG_WARN_QUOTED_INCLUDE_IN_FRAMEWORK_HEADER = YES;
				CLANG_WARN_RANGE_LOOP_ANALYSIS = YES;
				CLANG_WARN_STRICT_PROTOTYPES = YES;
				CLANG_WARN_SUSPICIOUS_MOVE = YES;
				CLANG_WARN_UNGUARDED_AVAILABILITY = YES_AGGRESSIVE;
				CLANG_WARN_UNREACHABLE_CODE = YES;
				CLANG_WARN__DUPLICATE_METHOD_MATCH = YES;
				COPY_PHASE_STRIP = NO;
				DEBUG_INFORMATION_FORMAT = "dwarf-with-dsym";
				ENABLE_NS_ASSERTIONS = NO;
				ENABLE_STRICT_OBJC_MSGSEND = YES;
				GCC_C_LANGUAGE_STANDARD = gnu11;
				GCC_NO_COMMON_BLOCKS = YES;
				GCC_WARN_64_TO_32_BIT_CONVERSION = YES;
				GCC_WARN_ABOUT_RETURN_TYPE = YES_ERROR;
				GCC_WARN_UNDECLARED_SELECTOR = YES;
				GCC_WARN_UNINITIALIZED_AUTOS = YES_AGGRESSIVE;
				GCC_WARN_UNUSED_FUNCTION = YES;
				GCC_WARN_UNUSED_VARIABLE = YES;
				IPHONEOS_DEPLOYMENT_TARGET = 15.5;
				MTL_ENABLE_DEBUG_INFO = NO;
				MTL_FAST_MATH = YES;
				SDKROOT = iphoneos;
				SWIFT_COMPILATION_MODE = wholemodule;
				SWIFT_OPTIMIZATION_LEVEL = "-O";
				VALIDATE_PRODUCT = YES;
			};
			name = Release;
		};
		57B690B82867BC0B008181B6 /* Debug */ = {
			isa = XCBuildConfiguration;
			buildSettings = {
				ASSETCATALOG_COMPILER_APPICON_NAME = AppIcon;
				ASSETCATALOG_COMPILER_GLOBAL_ACCENT_COLOR_NAME = AccentColor;
				CODE_SIGN_STYLE = Manual;
				CURRENT_PROJECT_VERSION = 1;
				DEVELOPMENT_TEAM = "";
				GENERATE_INFOPLIST_FILE = YES;
				INFOPLIST_FILE = "PodcastBoxMVC/Supporting Files/Info.plist";
				INFOPLIST_KEY_UIApplicationSupportsIndirectInputEvents = YES;
				INFOPLIST_KEY_UILaunchStoryboardName = LaunchScreen;
				INFOPLIST_KEY_UISupportedInterfaceOrientations_iPad = "UIInterfaceOrientationPortrait UIInterfaceOrientationPortraitUpsideDown UIInterfaceOrientationLandscapeLeft UIInterfaceOrientationLandscapeRight";
				INFOPLIST_KEY_UISupportedInterfaceOrientations_iPhone = "UIInterfaceOrientationPortrait UIInterfaceOrientationLandscapeLeft UIInterfaceOrientationLandscapeRight";
				IPHONEOS_DEPLOYMENT_TARGET = 11.0;
				LD_RUNPATH_SEARCH_PATHS = (
					"$(inherited)",
					"@executable_path/Frameworks",
				);
				MARKETING_VERSION = 1.0;
				PRODUCT_BUNDLE_IDENTIFIER = com.muhammedkarakul.PodcastBox;
				PRODUCT_NAME = "$(TARGET_NAME)";
				PROVISIONING_PROFILE_SPECIFIER = "";
				SUPPORTED_PLATFORMS = "iphoneos iphonesimulator";
				SUPPORTS_MACCATALYST = NO;
				SUPPORTS_MAC_DESIGNED_FOR_IPHONE_IPAD = NO;
				SWIFT_EMIT_LOC_STRINGS = YES;
				SWIFT_VERSION = 5.0;
				TARGETED_DEVICE_FAMILY = 1;
			};
			name = Debug;
		};
		57B690B92867BC0B008181B6 /* Release */ = {
			isa = XCBuildConfiguration;
			buildSettings = {
				ASSETCATALOG_COMPILER_APPICON_NAME = AppIcon;
				ASSETCATALOG_COMPILER_GLOBAL_ACCENT_COLOR_NAME = AccentColor;
				CODE_SIGN_STYLE = Manual;
				CURRENT_PROJECT_VERSION = 1;
				DEVELOPMENT_TEAM = "";
				GENERATE_INFOPLIST_FILE = YES;
				INFOPLIST_FILE = "PodcastBoxMVC/Supporting Files/Info.plist";
				INFOPLIST_KEY_UIApplicationSupportsIndirectInputEvents = YES;
				INFOPLIST_KEY_UILaunchStoryboardName = LaunchScreen;
				INFOPLIST_KEY_UISupportedInterfaceOrientations_iPad = "UIInterfaceOrientationPortrait UIInterfaceOrientationPortraitUpsideDown UIInterfaceOrientationLandscapeLeft UIInterfaceOrientationLandscapeRight";
				INFOPLIST_KEY_UISupportedInterfaceOrientations_iPhone = "UIInterfaceOrientationPortrait UIInterfaceOrientationLandscapeLeft UIInterfaceOrientationLandscapeRight";
				IPHONEOS_DEPLOYMENT_TARGET = 11.0;
				LD_RUNPATH_SEARCH_PATHS = (
					"$(inherited)",
					"@executable_path/Frameworks",
				);
				MARKETING_VERSION = 1.0;
				PRODUCT_BUNDLE_IDENTIFIER = com.muhammedkarakul.PodcastBox;
				PRODUCT_NAME = "$(TARGET_NAME)";
				PROVISIONING_PROFILE_SPECIFIER = "";
				SUPPORTED_PLATFORMS = "iphoneos iphonesimulator";
				SUPPORTS_MACCATALYST = NO;
				SUPPORTS_MAC_DESIGNED_FOR_IPHONE_IPAD = NO;
				SWIFT_EMIT_LOC_STRINGS = YES;
				SWIFT_VERSION = 5.0;
				TARGETED_DEVICE_FAMILY = 1;
			};
			name = Release;
		};
		820DC2E62A9F9252008C706E /* Debug */ = {
			isa = XCBuildConfiguration;
			buildSettings = {
				BUNDLE_LOADER = "$(TEST_HOST)";
				CLANG_CXX_LANGUAGE_STANDARD = "gnu++20";
				CODE_SIGN_STYLE = Automatic;
				CURRENT_PROJECT_VERSION = 1;
				GENERATE_INFOPLIST_FILE = YES;
				IPHONEOS_DEPLOYMENT_TARGET = 16.4;
				MARKETING_VERSION = 1.0;
				PRODUCT_BUNDLE_IDENTIFIER = com.muhammedkarakul.PodcastBoxMVVMTests;
				PRODUCT_NAME = "$(TARGET_NAME)";
				SWIFT_EMIT_LOC_STRINGS = NO;
				SWIFT_VERSION = 5.0;
				TARGETED_DEVICE_FAMILY = "1,2";
				TEST_HOST = "$(BUILT_PRODUCTS_DIR)/PodcastBoxMVVM.app/$(BUNDLE_EXECUTABLE_FOLDER_PATH)/PodcastBoxMVVM";
			};
			name = Debug;
		};
		820DC2E72A9F9252008C706E /* Release */ = {
			isa = XCBuildConfiguration;
			buildSettings = {
				BUNDLE_LOADER = "$(TEST_HOST)";
				CLANG_CXX_LANGUAGE_STANDARD = "gnu++20";
				CODE_SIGN_STYLE = Automatic;
				CURRENT_PROJECT_VERSION = 1;
				GENERATE_INFOPLIST_FILE = YES;
				IPHONEOS_DEPLOYMENT_TARGET = 16.4;
				MARKETING_VERSION = 1.0;
				PRODUCT_BUNDLE_IDENTIFIER = com.muhammedkarakul.PodcastBoxMVVMTests;
				PRODUCT_NAME = "$(TARGET_NAME)";
				SWIFT_EMIT_LOC_STRINGS = NO;
				SWIFT_VERSION = 5.0;
				TARGETED_DEVICE_FAMILY = "1,2";
				TEST_HOST = "$(BUILT_PRODUCTS_DIR)/PodcastBoxMVVM.app/$(BUNDLE_EXECUTABLE_FOLDER_PATH)/PodcastBoxMVVM";
			};
			name = Release;
		};
		824170752A9BA6F600775C4A /* Debug */ = {
			isa = XCBuildConfiguration;
			buildSettings = {
				ASSETCATALOG_COMPILER_APPICON_NAME = AppIcon;
				ASSETCATALOG_COMPILER_GLOBAL_ACCENT_COLOR_NAME = AccentColor;
				CODE_SIGN_STYLE = Manual;
				CURRENT_PROJECT_VERSION = 1;
				DEVELOPMENT_TEAM = "";
				GENERATE_INFOPLIST_FILE = YES;
				INFOPLIST_FILE = "PodcastBoxMVVM/Supporting Files/Info.plist";
				INFOPLIST_KEY_UIApplicationSupportsIndirectInputEvents = YES;
				INFOPLIST_KEY_UILaunchStoryboardName = LaunchScreen;
				INFOPLIST_KEY_UISupportedInterfaceOrientations = UIInterfaceOrientationPortrait;
				INFOPLIST_KEY_UISupportedInterfaceOrientations_iPad = "UIInterfaceOrientationLandscapeLeft UIInterfaceOrientationLandscapeRight UIInterfaceOrientationPortrait UIInterfaceOrientationPortraitUpsideDown";
				IPHONEOS_DEPLOYMENT_TARGET = 11.0;
				LD_RUNPATH_SEARCH_PATHS = (
					"$(inherited)",
					"@executable_path/Frameworks",
				);
				MARKETING_VERSION = 1.0;
				PRODUCT_BUNDLE_IDENTIFIER = com.muhammedkarakul.PodcastBox;
				PRODUCT_NAME = "$(TARGET_NAME)";
				PROVISIONING_PROFILE_SPECIFIER = "";
				SUPPORTED_PLATFORMS = "iphoneos iphonesimulator";
				SUPPORTS_MACCATALYST = NO;
				SUPPORTS_MAC_DESIGNED_FOR_IPHONE_IPAD = NO;
				SWIFT_EMIT_LOC_STRINGS = YES;
				SWIFT_VERSION = 5.0;
				TARGETED_DEVICE_FAMILY = 1;
			};
			name = Debug;
		};
		824170762A9BA6F600775C4A /* Release */ = {
			isa = XCBuildConfiguration;
			buildSettings = {
				ASSETCATALOG_COMPILER_APPICON_NAME = AppIcon;
				ASSETCATALOG_COMPILER_GLOBAL_ACCENT_COLOR_NAME = AccentColor;
				CODE_SIGN_STYLE = Manual;
				CURRENT_PROJECT_VERSION = 1;
				DEVELOPMENT_TEAM = "";
				GENERATE_INFOPLIST_FILE = YES;
				INFOPLIST_FILE = "PodcastBoxMVVM/Supporting Files/Info.plist";
				INFOPLIST_KEY_UIApplicationSupportsIndirectInputEvents = YES;
				INFOPLIST_KEY_UILaunchStoryboardName = LaunchScreen;
				INFOPLIST_KEY_UISupportedInterfaceOrientations = UIInterfaceOrientationPortrait;
				INFOPLIST_KEY_UISupportedInterfaceOrientations_iPad = "UIInterfaceOrientationLandscapeLeft UIInterfaceOrientationLandscapeRight UIInterfaceOrientationPortrait UIInterfaceOrientationPortraitUpsideDown";
				IPHONEOS_DEPLOYMENT_TARGET = 11.0;
				LD_RUNPATH_SEARCH_PATHS = (
					"$(inherited)",
					"@executable_path/Frameworks",
				);
				MARKETING_VERSION = 1.0;
				PRODUCT_BUNDLE_IDENTIFIER = com.muhammedkarakul.PodcastBox;
				PRODUCT_NAME = "$(TARGET_NAME)";
				PROVISIONING_PROFILE_SPECIFIER = "";
				SUPPORTED_PLATFORMS = "iphoneos iphonesimulator";
				SUPPORTS_MACCATALYST = NO;
				SUPPORTS_MAC_DESIGNED_FOR_IPHONE_IPAD = NO;
				SWIFT_EMIT_LOC_STRINGS = YES;
				SWIFT_VERSION = 5.0;
				TARGETED_DEVICE_FAMILY = 1;
			};
			name = Release;
		};
		829176632AADCADC00A0FF80 /* Debug */ = {
			isa = XCBuildConfiguration;
			buildSettings = {
				ASSETCATALOG_COMPILER_APPICON_NAME = AppIcon;
				ASSETCATALOG_COMPILER_GLOBAL_ACCENT_COLOR_NAME = AccentColor;
				CODE_SIGN_STYLE = Manual;
				CURRENT_PROJECT_VERSION = 1;
				DEVELOPMENT_TEAM = "";
				GENERATE_INFOPLIST_FILE = YES;
				INFOPLIST_FILE = "PodcastBoxVIPER/Supporting Files/Info.plist";
				INFOPLIST_KEY_UIApplicationSupportsIndirectInputEvents = YES;
				INFOPLIST_KEY_UILaunchStoryboardName = LaunchScreen;
				INFOPLIST_KEY_UISupportedInterfaceOrientations = UIInterfaceOrientationPortrait;
				INFOPLIST_KEY_UISupportedInterfaceOrientations_iPad = "UIInterfaceOrientationLandscapeLeft UIInterfaceOrientationLandscapeRight UIInterfaceOrientationPortrait UIInterfaceOrientationPortraitUpsideDown";
				IPHONEOS_DEPLOYMENT_TARGET = 11.0;
				LD_RUNPATH_SEARCH_PATHS = (
					"$(inherited)",
					"@executable_path/Frameworks",
				);
				MARKETING_VERSION = 1.0;
				PRODUCT_BUNDLE_IDENTIFIER = com.muhammedkarakul.PodcastBox;
				PRODUCT_NAME = "$(TARGET_NAME)";
				PROVISIONING_PROFILE_SPECIFIER = "";
				SUPPORTED_PLATFORMS = "iphoneos iphonesimulator";
				SUPPORTS_MACCATALYST = NO;
				SUPPORTS_MAC_DESIGNED_FOR_IPHONE_IPAD = NO;
				SWIFT_EMIT_LOC_STRINGS = YES;
				SWIFT_VERSION = 5.0;
				TARGETED_DEVICE_FAMILY = 1;
			};
			name = Debug;
		};
		829176642AADCADC00A0FF80 /* Release */ = {
			isa = XCBuildConfiguration;
			buildSettings = {
				ASSETCATALOG_COMPILER_APPICON_NAME = AppIcon;
				ASSETCATALOG_COMPILER_GLOBAL_ACCENT_COLOR_NAME = AccentColor;
				CODE_SIGN_STYLE = Manual;
				CURRENT_PROJECT_VERSION = 1;
				DEVELOPMENT_TEAM = "";
				GENERATE_INFOPLIST_FILE = YES;
				INFOPLIST_FILE = "PodcastBoxVIPER/Supporting Files/Info.plist";
				INFOPLIST_KEY_UIApplicationSupportsIndirectInputEvents = YES;
				INFOPLIST_KEY_UILaunchStoryboardName = LaunchScreen;
				INFOPLIST_KEY_UISupportedInterfaceOrientations = UIInterfaceOrientationPortrait;
				INFOPLIST_KEY_UISupportedInterfaceOrientations_iPad = "UIInterfaceOrientationLandscapeLeft UIInterfaceOrientationLandscapeRight UIInterfaceOrientationPortrait UIInterfaceOrientationPortraitUpsideDown";
				IPHONEOS_DEPLOYMENT_TARGET = 11.0;
				LD_RUNPATH_SEARCH_PATHS = (
					"$(inherited)",
					"@executable_path/Frameworks",
				);
				MARKETING_VERSION = 1.0;
				PRODUCT_BUNDLE_IDENTIFIER = com.muhammedkarakul.PodcastBox;
				PRODUCT_NAME = "$(TARGET_NAME)";
				PROVISIONING_PROFILE_SPECIFIER = "";
				SUPPORTED_PLATFORMS = "iphoneos iphonesimulator";
				SUPPORTS_MACCATALYST = NO;
				SUPPORTS_MAC_DESIGNED_FOR_IPHONE_IPAD = NO;
				SWIFT_EMIT_LOC_STRINGS = YES;
				SWIFT_VERSION = 5.0;
				TARGETED_DEVICE_FAMILY = 1;
			};
			name = Release;
		};
		8291769E2AADCCA700A0FF80 /* Debug */ = {
			isa = XCBuildConfiguration;
			buildSettings = {
				BUNDLE_LOADER = "$(TEST_HOST)";
				CLANG_CXX_LANGUAGE_STANDARD = "gnu++20";
				CODE_SIGN_STYLE = Automatic;
				CURRENT_PROJECT_VERSION = 1;
				GENERATE_INFOPLIST_FILE = YES;
				IPHONEOS_DEPLOYMENT_TARGET = 16.4;
				MARKETING_VERSION = 1.0;
				PRODUCT_BUNDLE_IDENTIFIER = com.muhammedkarakul.PodcastBoxVIPERTests;
				PRODUCT_NAME = "$(TARGET_NAME)";
				SWIFT_EMIT_LOC_STRINGS = NO;
				SWIFT_VERSION = 5.0;
				TARGETED_DEVICE_FAMILY = "1,2";
				TEST_HOST = "$(BUILT_PRODUCTS_DIR)/PodcastBoxVIPER.app/$(BUNDLE_EXECUTABLE_FOLDER_PATH)/PodcastBoxVIPER";
			};
			name = Debug;
		};
		8291769F2AADCCA700A0FF80 /* Release */ = {
			isa = XCBuildConfiguration;
			buildSettings = {
				BUNDLE_LOADER = "$(TEST_HOST)";
				CLANG_CXX_LANGUAGE_STANDARD = "gnu++20";
				CODE_SIGN_STYLE = Automatic;
				CURRENT_PROJECT_VERSION = 1;
				GENERATE_INFOPLIST_FILE = YES;
				IPHONEOS_DEPLOYMENT_TARGET = 16.4;
				MARKETING_VERSION = 1.0;
				PRODUCT_BUNDLE_IDENTIFIER = com.muhammedkarakul.PodcastBoxVIPERTests;
				PRODUCT_NAME = "$(TARGET_NAME)";
				SWIFT_EMIT_LOC_STRINGS = NO;
				SWIFT_VERSION = 5.0;
				TARGETED_DEVICE_FAMILY = "1,2";
				TEST_HOST = "$(BUILT_PRODUCTS_DIR)/PodcastBoxVIPER.app/$(BUNDLE_EXECUTABLE_FOLDER_PATH)/PodcastBoxVIPER";
			};
			name = Release;
		};
		82966AA42A9104B4004A593B /* Debug */ = {
			isa = XCBuildConfiguration;
			buildSettings = {
				BUNDLE_LOADER = "$(TEST_HOST)";
				CLANG_CXX_LANGUAGE_STANDARD = "gnu++20";
				CODE_SIGN_STYLE = Automatic;
				CURRENT_PROJECT_VERSION = 1;
				GENERATE_INFOPLIST_FILE = YES;
				IPHONEOS_DEPLOYMENT_TARGET = 11.0;
				MARKETING_VERSION = 1.0;
				PRODUCT_BUNDLE_IDENTIFIER = com.muhammedkarakul.PodcastBoxMVCTests;
				PRODUCT_NAME = "$(TARGET_NAME)";
				SWIFT_EMIT_LOC_STRINGS = NO;
				SWIFT_VERSION = 5.0;
				TARGETED_DEVICE_FAMILY = "1,2";
				TEST_HOST = "$(BUILT_PRODUCTS_DIR)/PodcastBoxMVC.app/$(BUNDLE_EXECUTABLE_FOLDER_PATH)/PodcastBoxMVC";
			};
			name = Debug;
		};
		82966AA52A9104B4004A593B /* Release */ = {
			isa = XCBuildConfiguration;
			buildSettings = {
				BUNDLE_LOADER = "$(TEST_HOST)";
				CLANG_CXX_LANGUAGE_STANDARD = "gnu++20";
				CODE_SIGN_STYLE = Automatic;
				CURRENT_PROJECT_VERSION = 1;
				GENERATE_INFOPLIST_FILE = YES;
				IPHONEOS_DEPLOYMENT_TARGET = 11.0;
				MARKETING_VERSION = 1.0;
				PRODUCT_BUNDLE_IDENTIFIER = com.muhammedkarakul.PodcastBoxMVCTests;
				PRODUCT_NAME = "$(TARGET_NAME)";
				SWIFT_EMIT_LOC_STRINGS = NO;
				SWIFT_VERSION = 5.0;
				TARGETED_DEVICE_FAMILY = "1,2";
				TEST_HOST = "$(BUILT_PRODUCTS_DIR)/PodcastBoxMVC.app/$(BUNDLE_EXECUTABLE_FOLDER_PATH)/PodcastBoxMVC";
			};
			name = Release;
		};
/* End XCBuildConfiguration section */

/* Begin XCConfigurationList section */
		57B6909E2867BC08008181B6 /* Build configuration list for PBXProject "PodcastBox" */ = {
			isa = XCConfigurationList;
			buildConfigurations = (
				57B690B52867BC0B008181B6 /* Debug */,
				57B690B62867BC0B008181B6 /* Release */,
			);
			defaultConfigurationIsVisible = 0;
			defaultConfigurationName = Release;
		};
		57B690B72867BC0B008181B6 /* Build configuration list for PBXNativeTarget "PodcastBoxMVC" */ = {
			isa = XCConfigurationList;
			buildConfigurations = (
				57B690B82867BC0B008181B6 /* Debug */,
				57B690B92867BC0B008181B6 /* Release */,
			);
			defaultConfigurationIsVisible = 0;
			defaultConfigurationName = Release;
		};
		820DC2E52A9F9252008C706E /* Build configuration list for PBXNativeTarget "PodcastBoxMVVMTests" */ = {
			isa = XCConfigurationList;
			buildConfigurations = (
				820DC2E62A9F9252008C706E /* Debug */,
				820DC2E72A9F9252008C706E /* Release */,
			);
			defaultConfigurationIsVisible = 0;
			defaultConfigurationName = Release;
		};
		824170742A9BA6F600775C4A /* Build configuration list for PBXNativeTarget "PodcastBoxMVVM" */ = {
			isa = XCConfigurationList;
			buildConfigurations = (
				824170752A9BA6F600775C4A /* Debug */,
				824170762A9BA6F600775C4A /* Release */,
			);
			defaultConfigurationIsVisible = 0;
			defaultConfigurationName = Release;
		};
		829176622AADCADC00A0FF80 /* Build configuration list for PBXNativeTarget "PodcastBoxVIPER" */ = {
			isa = XCConfigurationList;
			buildConfigurations = (
				829176632AADCADC00A0FF80 /* Debug */,
				829176642AADCADC00A0FF80 /* Release */,
			);
			defaultConfigurationIsVisible = 0;
			defaultConfigurationName = Release;
		};
		8291769D2AADCCA700A0FF80 /* Build configuration list for PBXNativeTarget "PodcastBoxVIPERTests" */ = {
			isa = XCConfigurationList;
			buildConfigurations = (
				8291769E2AADCCA700A0FF80 /* Debug */,
				8291769F2AADCCA700A0FF80 /* Release */,
			);
			defaultConfigurationIsVisible = 0;
			defaultConfigurationName = Release;
		};
		82966AA32A9104B4004A593B /* Build configuration list for PBXNativeTarget "PodcastBoxMVCTests" */ = {
			isa = XCConfigurationList;
			buildConfigurations = (
				82966AA42A9104B4004A593B /* Debug */,
				82966AA52A9104B4004A593B /* Release */,
			);
			defaultConfigurationIsVisible = 0;
			defaultConfigurationName = Release;
		};
/* End XCConfigurationList section */
	};
	rootObject = 57B6909B2867BC08008181B6 /* Project object */;
}
